// !$*UTF8*$!
{
	archiveVersion = 1;
	classes = {
	};
	objectVersion = 56;
	objects = {

/* Begin PBXBuildFile section */
		7D19A9092C6038EB0097F880 /* ProfileScreen.swift in Sources */ = {isa = PBXBuildFile; fileRef = 7D19A9082C6038EB0097F880 /* ProfileScreen.swift */; };
		7D19A90F2C603A120097F880 /* ProfileViewModel.swift in Sources */ = {isa = PBXBuildFile; fileRef = 7D19A90E2C603A120097F880 /* ProfileViewModel.swift */; };
		7D19A9112C603A330097F880 /* ProfileSubviews.swift in Sources */ = {isa = PBXBuildFile; fileRef = 7D19A9102C603A330097F880 /* ProfileSubviews.swift */; };
		7D2CFD462C61506400AB9021 /* ProfileVMRows.swift in Sources */ = {isa = PBXBuildFile; fileRef = 7D2CFD452C61506400AB9021 /* ProfileVMRows.swift */; };
		7D2CFD482C6150CE00AB9021 /* ProfileViewModel+Mock.swift in Sources */ = {isa = PBXBuildFile; fileRef = 7D2CFD472C6150CE00AB9021 /* ProfileViewModel+Mock.swift */; };
		7D2CFD4A2C615C0200AB9021 /* ProfileVMModels.swift in Sources */ = {isa = PBXBuildFile; fileRef = 7D2CFD492C615C0200AB9021 /* ProfileVMModels.swift */; };
		7D2CFD4C2C6172F600AB9021 /* MyDataScreen.swift in Sources */ = {isa = PBXBuildFile; fileRef = 7D2CFD4B2C6172F600AB9021 /* MyDataScreen.swift */; };
		7D2CFD542C61735A00AB9021 /* MyDataSubviews.swift in Sources */ = {isa = PBXBuildFile; fileRef = 7D2CFD532C61735A00AB9021 /* MyDataSubviews.swift */; };
		7D2CFD562C61738700AB9021 /* MyDataViewModel.swift in Sources */ = {isa = PBXBuildFile; fileRef = 7D2CFD552C61738700AB9021 /* MyDataViewModel.swift */; };
		7D6934152C62355C00016C7F /* MyDataVMUIProperties.swift in Sources */ = {isa = PBXBuildFile; fileRef = 7D6934142C62355C00016C7F /* MyDataVMUIProperties.swift */; };
		7DB633E02C6B94A100BE13D3 /* PickAddressView.swift in Sources */ = {isa = PBXBuildFile; fileRef = 7DB633DF2C6B94A100BE13D3 /* PickAddressView.swift */; };
		7DB633E22C6B94AA00BE13D3 /* PickAddresViewModel.swift in Sources */ = {isa = PBXBuildFile; fileRef = 7DB633E12C6B94A900BE13D3 /* PickAddresViewModel.swift */; };
		7DB633E72C6B955300BE13D3 /* PickAddresVMData.swift in Sources */ = {isa = PBXBuildFile; fileRef = 7DB633E62C6B955300BE13D3 /* PickAddresVMData.swift */; };
		7DB633EA2C6B963300BE13D3 /* PickAddresSubview.swift in Sources */ = {isa = PBXBuildFile; fileRef = 7DB633E92C6B963300BE13D3 /* PickAddresSubview.swift */; };
		7DB633EC2C6B980D00BE13D3 /* PickAddresVMUIProperties.swift in Sources */ = {isa = PBXBuildFile; fileRef = 7DB633EB2C6B980D00BE13D3 /* PickAddresVMUIProperties.swift */; };
		7DB633EE2C6B987A00BE13D3 /* DLCheckbox.swift in Sources */ = {isa = PBXBuildFile; fileRef = 7DB633ED2C6B987A00BE13D3 /* DLCheckbox.swift */; };
		7DB633F02C6B9A4400BE13D3 /* PickAddresVM+Mock.swift in Sources */ = {isa = PBXBuildFile; fileRef = 7DB633EF2C6B9A4400BE13D3 /* PickAddresVM+Mock.swift */; };
		7DB633F62C6B9F7E00BE13D3 /* AddNewAddressView.swift in Sources */ = {isa = PBXBuildFile; fileRef = 7DB633F52C6B9F7E00BE13D3 /* AddNewAddressView.swift */; };
		7DB633F82C6B9F8600BE13D3 /* AddNewAddressViewModel.swift in Sources */ = {isa = PBXBuildFile; fileRef = 7DB633F72C6B9F8600BE13D3 /* AddNewAddressViewModel.swift */; };
		7DB633FB2C6B9FEA00BE13D3 /* AddNewAddressSubview.swift in Sources */ = {isa = PBXBuildFile; fileRef = 7DB633FA2C6B9FEA00BE13D3 /* AddNewAddressSubview.swift */; };
		7DB633FD2C6BA07B00BE13D3 /* AddNewAddressVMUIProperties.swift in Sources */ = {isa = PBXBuildFile; fileRef = 7DB633FC2C6BA07B00BE13D3 /* AddNewAddressVMUIProperties.swift */; };
		BA6818252C29E0DE00F057D3 /* DTagsSection.swift in Sources */ = {isa = PBXBuildFile; fileRef = BA6818242C29E0DE00F057D3 /* DTagsSection.swift */; };
		BA68182A2C29E53D00F057D3 /* DBanners.swift in Sources */ = {isa = PBXBuildFile; fileRef = BA6818292C29E53D00F057D3 /* DBanners.swift */; };
		BA68182D2C29F10000F057D3 /* Kingfisher in Frameworks */ = {isa = PBXBuildFile; productRef = BA68182C2C29F10000F057D3 /* Kingfisher */; };
		BA8A147E2C46D1560088A9A5 /* PreferenceKey+Extensions.swift in Sources */ = {isa = PBXBuildFile; fileRef = BA8A147D2C46D1560088A9A5 /* PreferenceKey+Extensions.swift */; };
		BA8A14832C46D2AF0088A9A5 /* DProductCard.swift in Sources */ = {isa = PBXBuildFile; fileRef = BA8A14822C46D2AF0088A9A5 /* DProductCard.swift */; };
		BA8A14852C47903D0088A9A5 /* DProductCard+Helpers.swift in Sources */ = {isa = PBXBuildFile; fileRef = BA8A14842C47903D0088A9A5 /* DProductCard+Helpers.swift */; };
		BA8A148C2C4791FA0088A9A5 /* DProductCardModel.swift in Sources */ = {isa = PBXBuildFile; fileRef = BA8A148B2C4791FA0088A9A5 /* DProductCardModel.swift */; };
		BA8A148F2C4795D00088A9A5 /* DCategory.swift in Sources */ = {isa = PBXBuildFile; fileRef = BA8A148E2C4795D00088A9A5 /* DCategory.swift */; };
		BA8A14932C47969B0088A9A5 /* MainVMCategory.swift in Sources */ = {isa = PBXBuildFile; fileRef = BA8A14922C47969B0088A9A5 /* MainVMCategory.swift */; };
		BA8A14952C47A18D0088A9A5 /* DCategoryModel.swift in Sources */ = {isa = PBXBuildFile; fileRef = BA8A14942C47A18D0088A9A5 /* DCategoryModel.swift */; };
		BAB435162C1EF5120038897C /* DTag.swift in Sources */ = {isa = PBXBuildFile; fileRef = BAB435152C1EF5120038897C /* DTag.swift */; };
		BAB4351B2C1EF82B0038897C /* Spacings.swift in Sources */ = {isa = PBXBuildFile; fileRef = BAB4351A2C1EF82B0038897C /* Spacings.swift */; };
		BAB4351D2C1EF8C10038897C /* Corner Radiuses.swift in Sources */ = {isa = PBXBuildFile; fileRef = BAB4351C2C1EF8C10038897C /* Corner Radiuses.swift */; };
		BAB4351F2C1EFAD60038897C /* DTag+Helpers.swift in Sources */ = {isa = PBXBuildFile; fileRef = BAB4351E2C1EFAD60038897C /* DTag+Helpers.swift */; };
		E508B1882C74F6AE00106F90 /* MyUserData.swift in Sources */ = {isa = PBXBuildFile; fileRef = E508B1872C74F6AE00106F90 /* MyUserData.swift */; };
		E508B18C2C74F7BD00106F90 /* APIManager.swift in Sources */ = {isa = PBXBuildFile; fileRef = E508B18B2C74F7BD00106F90 /* APIManager.swift */; };
		E508B18E2C74F87600106F90 /* Logger.swift in Sources */ = {isa = PBXBuildFile; fileRef = E508B18D2C74F87600106F90 /* Logger.swift */; };
		E508B1912C74F9A700106F90 /* SwiftPrettyPrint in Frameworks */ = {isa = PBXBuildFile; productRef = E508B1902C74F9A700106F90 /* SwiftPrettyPrint */; };
		E508B1942C75E97200106F90 /* ProductEntity.swift in Sources */ = {isa = PBXBuildFile; fileRef = E508B1932C75E97200106F90 /* ProductEntity.swift */; };
		E51F61DC2C56DE7000855779 /* BasketVMData.swift in Sources */ = {isa = PBXBuildFile; fileRef = E51F61DB2C56DE7000855779 /* BasketVMData.swift */; };
		E51F61DE2C56EF5800855779 /* Double+Extenstions.swift in Sources */ = {isa = PBXBuildFile; fileRef = E51F61DD2C56EF5800855779 /* Double+Extenstions.swift */; };
		E52A37982C7B5C7B0092D113 /* UIColor+Ext.swift in Sources */ = {isa = PBXBuildFile; fileRef = E52A37972C7B5C7B0092D113 /* UIColor+Ext.swift */; };
		E52A379A2C7B5CA30092D113 /* ViewModelProtocol.swift in Sources */ = {isa = PBXBuildFile; fileRef = E52A37992C7B5CA30092D113 /* ViewModelProtocol.swift */; };
		E534B7CA2C7D39BA00D6033F /* UserService.swift in Sources */ = {isa = PBXBuildFile; fileRef = E534B7C92C7D39BA00D6033F /* UserService.swift */; };
		E554B27E2C7B8105000AFF58 /* ErrorView.swift in Sources */ = {isa = PBXBuildFile; fileRef = E554B27D2C7B8105000AFF58 /* ErrorView.swift */; };
		E554B2812C7B8367000AFF58 /* ScreenState.swift in Sources */ = {isa = PBXBuildFile; fileRef = E554B2802C7B8367000AFF58 /* ScreenState.swift */; };
		E554B2842C7B83EE000AFF58 /* CategoryVMModels.swift in Sources */ = {isa = PBXBuildFile; fileRef = E554B2832C7B83EE000AFF58 /* CategoryVMModels.swift */; };
		E55896FA2C7E29D800B53975 /* AuthView.swift in Sources */ = {isa = PBXBuildFile; fileRef = E55896F92C7E29D800B53975 /* AuthView.swift */; };
		E55896FD2C7E2FA900B53975 /* AuthViewModel.swift in Sources */ = {isa = PBXBuildFile; fileRef = E55896FC2C7E2FA900B53975 /* AuthViewModel.swift */; };
		E55897002C7E408500B53975 /* AuthSubviews.swift in Sources */ = {isa = PBXBuildFile; fileRef = E55896FF2C7E408500B53975 /* AuthSubviews.swift */; };
		E55897022C7E417600B53975 /* AuthVMModels.swift in Sources */ = {isa = PBXBuildFile; fileRef = E55897012C7E417600B53975 /* AuthVMModels.swift */; };
		E56CEF0E2C7E0913004F38D5 /* UserDefaultsKeys.swift in Sources */ = {isa = PBXBuildFile; fileRef = E56CEF0D2C7E0913004F38D5 /* UserDefaultsKeys.swift */; };
		E56CEF112C7E14C8004F38D5 /* URLSession+Extensions.swift in Sources */ = {isa = PBXBuildFile; fileRef = E56CEF102C7E14C8004F38D5 /* URLSession+Extensions.swift */; };
		E56E6D682C78EB510075E9CF /* BannersService.swift in Sources */ = {isa = PBXBuildFile; fileRef = E56E6D672C78EB510075E9CF /* BannersService.swift */; };
		E56E6D6A2C78ED340075E9CF /* BannerEntity.swift in Sources */ = {isa = PBXBuildFile; fileRef = E56E6D692C78ED340075E9CF /* BannerEntity.swift */; };
		E571DA5C2C1B0BD200318D58 /* DeliveryApp.swift in Sources */ = {isa = PBXBuildFile; fileRef = E571DA5B2C1B0BD200318D58 /* DeliveryApp.swift */; };
		E571DA602C1B0BD300318D58 /* Assets.xcassets in Resources */ = {isa = PBXBuildFile; fileRef = E571DA5F2C1B0BD300318D58 /* Assets.xcassets */; };
		E571DA632C1B0BD300318D58 /* Preview Assets.xcassets in Resources */ = {isa = PBXBuildFile; fileRef = E571DA622C1B0BD300318D58 /* Preview Assets.xcassets */; };
		E571DA6F2C1B0C6100318D58 /* Localizable.xcstrings in Resources */ = {isa = PBXBuildFile; fileRef = E571DA6E2C1B0C6100318D58 /* Localizable.xcstrings */; };
		E571DA7D2C1B167700318D58 /* MainViewModel.swift in Sources */ = {isa = PBXBuildFile; fileRef = E571DA7C2C1B167700318D58 /* MainViewModel.swift */; };
		E571DA7F2C1B170500318D58 /* MainView.swift in Sources */ = {isa = PBXBuildFile; fileRef = E571DA7E2C1B170500318D58 /* MainView.swift */; };
		E571DA812C1B175F00318D58 /* MainSubviews.swift in Sources */ = {isa = PBXBuildFile; fileRef = E571DA802C1B175F00318D58 /* MainSubviews.swift */; };
		E571DA852C1B177700318D58 /* ViewModelable.swift in Sources */ = {isa = PBXBuildFile; fileRef = E571DA842C1B177700318D58 /* ViewModelable.swift */; };
		E57BF2182C7A092C00638CC8 /* DLCategoryBlock.swift in Sources */ = {isa = PBXBuildFile; fileRef = E57BF2172C7A092C00638CC8 /* DLCategoryBlock.swift */; };
		E57BF21A2C7A160900638CC8 /* URL+Extensions.swift in Sources */ = {isa = PBXBuildFile; fileRef = E57BF2192C7A160900638CC8 /* URL+Extensions.swift */; };
		E57BF2202C7A16FC00638CC8 /* CategoryView.swift in Sources */ = {isa = PBXBuildFile; fileRef = E57BF21F2C7A16FC00638CC8 /* CategoryView.swift */; };
		E57BF2232C7A174400638CC8 /* CategorySubviews.swift in Sources */ = {isa = PBXBuildFile; fileRef = E57BF2222C7A174400638CC8 /* CategorySubviews.swift */; };
		E57BF2252C7A19A900638CC8 /* CategoryViewModel.swift in Sources */ = {isa = PBXBuildFile; fileRef = E57BF2242C7A19A900638CC8 /* CategoryViewModel.swift */; };
		E57BF2272C7A19BA00638CC8 /* CategoryVM+MockData.swift in Sources */ = {isa = PBXBuildFile; fileRef = E57BF2262C7A19BA00638CC8 /* CategoryVM+MockData.swift */; };
		E57BF2292C7A33C700638CC8 /* CategoryEntity.swift in Sources */ = {isa = PBXBuildFile; fileRef = E57BF2282C7A33C700638CC8 /* CategoryEntity.swift */; };
		E57BF22B2C7A35A800638CC8 /* CategoryService.swift in Sources */ = {isa = PBXBuildFile; fileRef = E57BF22A2C7A35A800638CC8 /* CategoryService.swift */; };
		E5A149612C7B9C36004C8D40 /* ProductDetailsVMModels.swift in Sources */ = {isa = PBXBuildFile; fileRef = E5A149572C7B9C36004C8D40 /* ProductDetailsVMModels.swift */; };
		E5A149622C7B9C36004C8D40 /* ProductDetailsSubviews.swift in Sources */ = {isa = PBXBuildFile; fileRef = E5A149592C7B9C36004C8D40 /* ProductDetailsSubviews.swift */; };
		E5A149632C7B9C36004C8D40 /* ProductDetailsView.swift in Sources */ = {isa = PBXBuildFile; fileRef = E5A1495B2C7B9C36004C8D40 /* ProductDetailsView.swift */; };
		E5A149642C7B9C36004C8D40 /* ProductDetailsViewModel.swift in Sources */ = {isa = PBXBuildFile; fileRef = E5A1495D2C7B9C36004C8D40 /* ProductDetailsViewModel.swift */; };
		E5A149652C7B9C36004C8D40 /* ProductDetailsVM+Mock.swift in Sources */ = {isa = PBXBuildFile; fileRef = E5A1495E2C7B9C36004C8D40 /* ProductDetailsVM+Mock.swift */; };
		E5A149672C7B9C46004C8D40 /* WalletView.swift in Sources */ = {isa = PBXBuildFile; fileRef = E5A149662C7B9C46004C8D40 /* WalletView.swift */; };
		E5A149692C7BE092004C8D40 /* TabBarView.swift in Sources */ = {isa = PBXBuildFile; fileRef = E5A149682C7BE092004C8D40 /* TabBarView.swift */; };
		E5A30DBF2C1CC3A7005C84E2 /* String+Extenstions.swift in Sources */ = {isa = PBXBuildFile; fileRef = E5A30DBE2C1CC3A7005C84E2 /* String+Extenstions.swift */; };
		E5A71E8F2C7C8991000FC31D /* UserEntity.swift in Sources */ = {isa = PBXBuildFile; fileRef = E5A71E8E2C7C8991000FC31D /* UserEntity.swift */; };
		E5A71E912C7C8CAC000FC31D /* EntityProtocol.swift in Sources */ = {isa = PBXBuildFile; fileRef = E5A71E902C7C8CAC000FC31D /* EntityProtocol.swift */; };
		E5A71E932C7C8D85000FC31D /* UserModel.swift in Sources */ = {isa = PBXBuildFile; fileRef = E5A71E922C7C8D85000FC31D /* UserModel.swift */; };
		E5A71E952C7CA31D000FC31D /* DontResultView.swift in Sources */ = {isa = PBXBuildFile; fileRef = E5A71E942C7CA31D000FC31D /* DontResultView.swift */; };
		E5A71E972C7CA43C000FC31D /* DLButton.swift in Sources */ = {isa = PBXBuildFile; fileRef = E5A71E962C7CA43C000FC31D /* DLButton.swift */; };
		E5AE14182C3C9C41008C4426 /* BasketViewModel.swift in Sources */ = {isa = PBXBuildFile; fileRef = E5AE14172C3C9C41008C4426 /* BasketViewModel.swift */; };
		E5AE141A2C3C9CFC008C4426 /* BasketView.swift in Sources */ = {isa = PBXBuildFile; fileRef = E5AE14192C3C9CFC008C4426 /* BasketView.swift */; };
		E5AE141E2C3C9DE7008C4426 /* BasketSubviews.swift in Sources */ = {isa = PBXBuildFile; fileRef = E5AE141D2C3C9DE7008C4426 /* BasketSubviews.swift */; };
		E5AE14202C3C9EF6008C4426 /* BasketVMProduct.swift in Sources */ = {isa = PBXBuildFile; fileRef = E5AE141F2C3C9EF6008C4426 /* BasketVMProduct.swift */; };
		E5AE14222C3CA188008C4426 /* BasketVMNotification.swift in Sources */ = {isa = PBXBuildFile; fileRef = E5AE14212C3CA188008C4426 /* BasketVMNotification.swift */; };
		E5AE14242C3CA1FF008C4426 /* BasketViewModel+Mock.swift in Sources */ = {isa = PBXBuildFile; fileRef = E5AE14232C3CA1FF008C4426 /* BasketViewModel+Mock.swift */; };
		E5AE14272C3CA638008C4426 /* DLProductHCard.swift in Sources */ = {isa = PBXBuildFile; fileRef = E5AE14262C3CA638008C4426 /* DLProductHCard.swift */; };
		E5AE14292C3CA706008C4426 /* ImageKind.swift in Sources */ = {isa = PBXBuildFile; fileRef = E5AE14282C3CA706008C4426 /* ImageKind.swift */; };
		E5AE142C2C3CA80F008C4426 /* DLImageView.swift in Sources */ = {isa = PBXBuildFile; fileRef = E5AE142B2C3CA80F008C4426 /* DLImageView.swift */; };
		E5C3FCBB2C7B5E5A00453359 /* NavigationStackBackport in Frameworks */ = {isa = PBXBuildFile; productRef = E5C3FCBA2C7B5E5A00453359 /* NavigationStackBackport */; };
		E5C3FCBF2C7B614500453359 /* Navigation.swift in Sources */ = {isa = PBXBuildFile; fileRef = E5C3FCBE2C7B614500453359 /* Navigation.swift */; };
		E5C3FCC12C7B7F5900453359 /* ShimmeringView.swift in Sources */ = {isa = PBXBuildFile; fileRef = E5C3FCC02C7B7F5900453359 /* ShimmeringView.swift */; };
		E5D58FA22C3CB92100C5DCD4 /* DLColor.swift in Sources */ = {isa = PBXBuildFile; fileRef = E5D58FA12C3CB92100C5DCD4 /* DLColor.swift */; };
		E5D58FA72C3CC06A00C5DCD4 /* DLNotification.swift in Sources */ = {isa = PBXBuildFile; fileRef = E5D58FA62C3CC06A00C5DCD4 /* DLNotification.swift */; };
		E5DE29222C7BFBA900290C2D /* MainVMModels.swift in Sources */ = {isa = PBXBuildFile; fileRef = E5DE29212C7BFBA900290C2D /* MainVMModels.swift */; };
		E5DE29242C7BFE2300290C2D /* StartLoadingView.swift in Sources */ = {isa = PBXBuildFile; fileRef = E5DE29232C7BFE2300290C2D /* StartLoadingView.swift */; };
		E5DF776B2C1C584300C29B8F /* MainHeaderView.swift in Sources */ = {isa = PBXBuildFile; fileRef = E5DF776A2C1C584300C29B8F /* MainHeaderView.swift */; };
		E5DF776D2C1C5BA500C29B8F /* DLSearchField.swift in Sources */ = {isa = PBXBuildFile; fileRef = E5DF776C2C1C5BA500C29B8F /* DLSearchField.swift */; };
		E5E99D992C78C1590006F781 /* Router.swift in Sources */ = {isa = PBXBuildFile; fileRef = E5E99D982C78C1590006F781 /* Router.swift */; };
		E5E99D9B2C78C16A0006F781 /* HTTPMethod.swift in Sources */ = {isa = PBXBuildFile; fileRef = E5E99D9A2C78C16A0006F781 /* HTTPMethod.swift */; };
		E5E99D9D2C78C1780006F781 /* APIError.swift in Sources */ = {isa = PBXBuildFile; fileRef = E5E99D9C2C78C1780006F781 /* APIError.swift */; };
		E5E99D9F2C78C1810006F781 /* ProductService.swift in Sources */ = {isa = PBXBuildFile; fileRef = E5E99D9E2C78C1810006F781 /* ProductService.swift */; };
		E5EE58D72C1B289C00CEC0E3 /* MainVM+Mock.swift in Sources */ = {isa = PBXBuildFile; fileRef = E5EE58D62C1B289C00CEC0E3 /* MainVM+Mock.swift */; };
		E5EE58D92C1B28A800CEC0E3 /* Mockable.swift in Sources */ = {isa = PBXBuildFile; fileRef = E5EE58D82C1B28A800CEC0E3 /* Mockable.swift */; };
		E5EE58DC2C1B29BD00CEC0E3 /* MainVMSection.swift in Sources */ = {isa = PBXBuildFile; fileRef = E5EE58DB2C1B29BD00CEC0E3 /* MainVMSection.swift */; };
		E5EE58DE2C1B29C900CEC0E3 /* MainVMProduct.swift in Sources */ = {isa = PBXBuildFile; fileRef = E5EE58DD2C1B29C900CEC0E3 /* MainVMProduct.swift */; };
		E5EE58E02C1B316000CEC0E3 /* Typealias.swift in Sources */ = {isa = PBXBuildFile; fileRef = E5EE58DF2C1B316000CEC0E3 /* Typealias.swift */; };
		E5EE58E42C1B333200CEC0E3 /* Text+Extenstions.swift in Sources */ = {isa = PBXBuildFile; fileRef = E5EE58E32C1B333200CEC0E3 /* Text+Extenstions.swift */; };
		E5F416382C7C1B7200BE99F6 /* CategoryListView.swift in Sources */ = {isa = PBXBuildFile; fileRef = E5F416372C7C1B7200BE99F6 /* CategoryListView.swift */; };
		E5F4163A2C7C1BB000BE99F6 /* CategoryListViewModel.swift in Sources */ = {isa = PBXBuildFile; fileRef = E5F416392C7C1BB000BE99F6 /* CategoryListViewModel.swift */; };
		E5F4163C2C7C1C0100BE99F6 /* CategoryListVMModels.swift in Sources */ = {isa = PBXBuildFile; fileRef = E5F4163B2C7C1C0100BE99F6 /* CategoryListVMModels.swift */; };
		E5F4163F2C7C1C8700BE99F6 /* CategoryListSubviews.swift in Sources */ = {isa = PBXBuildFile; fileRef = E5F4163E2C7C1C8700BE99F6 /* CategoryListSubviews.swift */; };
		E5F416412C7C1E5700BE99F6 /* CategoryListVM+Mock.swift in Sources */ = {isa = PBXBuildFile; fileRef = E5F416402C7C1E5700BE99F6 /* CategoryListVM+Mock.swift */; };
		E5F643642C55384F005D7581 /* DLMinimumOrderSumView.swift in Sources */ = {isa = PBXBuildFile; fileRef = E5F643632C55384F005D7581 /* DLMinimumOrderSumView.swift */; };
		E5F643662C55467E005D7581 /* View+Extensions.swift in Sources */ = {isa = PBXBuildFile; fileRef = E5F643652C55467E005D7581 /* View+Extensions.swift */; };
		E5F643682C5548D3005D7581 /* DLBasketMakeOrderButton.swift in Sources */ = {isa = PBXBuildFile; fileRef = E5F643672C5548D3005D7581 /* DLBasketMakeOrderButton.swift */; };
		E5F6436A2C554FD5005D7581 /* BasketVMUIProperties.swift in Sources */ = {isa = PBXBuildFile; fileRef = E5F643692C554FD5005D7581 /* BasketVMUIProperties.swift */; };
		E5F643712C55DA1C005D7581 /* MakeOrderView.swift in Sources */ = {isa = PBXBuildFile; fileRef = E5F643702C55DA1C005D7581 /* MakeOrderView.swift */; };
		E5F643732C55DAAE005D7581 /* MakeOrderViewModel.swift in Sources */ = {isa = PBXBuildFile; fileRef = E5F643722C55DAAE005D7581 /* MakeOrderViewModel.swift */; };
		E5F643762C55DAE4005D7581 /* MakeOrderSubview.swift in Sources */ = {isa = PBXBuildFile; fileRef = E5F643752C55DAE4005D7581 /* MakeOrderSubview.swift */; };
		E5F643792C55E151005D7581 /* MakeOrderVMUIProperies.swift in Sources */ = {isa = PBXBuildFile; fileRef = E5F643782C55E151005D7581 /* MakeOrderVMUIProperies.swift */; };
		E5F6437B2C55E4BE005D7581 /* MakeOrderVMResultData.swift in Sources */ = {isa = PBXBuildFile; fileRef = E5F6437A2C55E4BE005D7581 /* MakeOrderVMResultData.swift */; };
		E5F6437D2C55E9DB005D7581 /* DLProductsCarousel.swift in Sources */ = {isa = PBXBuildFile; fileRef = E5F6437C2C55E9DB005D7581 /* DLProductsCarousel.swift */; };
		E5F6437F2C55F103005D7581 /* ThankYouView.swift in Sources */ = {isa = PBXBuildFile; fileRef = E5F6437E2C55F103005D7581 /* ThankYouView.swift */; };
		E5F643812C55F448005D7581 /* MakeOrderViewModel+Mock.swift in Sources */ = {isa = PBXBuildFile; fileRef = E5F643802C55F448005D7581 /* MakeOrderViewModel+Mock.swift */; };
		E5FE57A12C79270100264FE2 /* PopcatsService.swift in Sources */ = {isa = PBXBuildFile; fileRef = E5FE57A02C79270100264FE2 /* PopcatsService.swift */; };
		E5FE57A32C792D4C00264FE2 /* PopcatsEntity.swift in Sources */ = {isa = PBXBuildFile; fileRef = E5FE57A22C792D4C00264FE2 /* PopcatsEntity.swift */; };
		E5FE57A52C79312100264FE2 /* Launch Screen.storyboard in Resources */ = {isa = PBXBuildFile; fileRef = E5FE57A42C79312100264FE2 /* Launch Screen.storyboard */; };
/* End PBXBuildFile section */

/* Begin PBXFileReference section */
		7D19A9082C6038EB0097F880 /* ProfileScreen.swift */ = {isa = PBXFileReference; lastKnownFileType = sourcecode.swift; path = ProfileScreen.swift; sourceTree = "<group>"; };
		7D19A90E2C603A120097F880 /* ProfileViewModel.swift */ = {isa = PBXFileReference; lastKnownFileType = sourcecode.swift; path = ProfileViewModel.swift; sourceTree = "<group>"; };
		7D19A9102C603A330097F880 /* ProfileSubviews.swift */ = {isa = PBXFileReference; lastKnownFileType = sourcecode.swift; path = ProfileSubviews.swift; sourceTree = "<group>"; };
		7D2CFD452C61506400AB9021 /* ProfileVMRows.swift */ = {isa = PBXFileReference; lastKnownFileType = sourcecode.swift; path = ProfileVMRows.swift; sourceTree = "<group>"; };
		7D2CFD472C6150CE00AB9021 /* ProfileViewModel+Mock.swift */ = {isa = PBXFileReference; lastKnownFileType = sourcecode.swift; path = "ProfileViewModel+Mock.swift"; sourceTree = "<group>"; };
		7D2CFD492C615C0200AB9021 /* ProfileVMModels.swift */ = {isa = PBXFileReference; lastKnownFileType = sourcecode.swift; path = ProfileVMModels.swift; sourceTree = "<group>"; };
		7D2CFD4B2C6172F600AB9021 /* MyDataScreen.swift */ = {isa = PBXFileReference; lastKnownFileType = sourcecode.swift; path = MyDataScreen.swift; sourceTree = "<group>"; };
		7D2CFD532C61735A00AB9021 /* MyDataSubviews.swift */ = {isa = PBXFileReference; lastKnownFileType = sourcecode.swift; path = MyDataSubviews.swift; sourceTree = "<group>"; };
		7D2CFD552C61738700AB9021 /* MyDataViewModel.swift */ = {isa = PBXFileReference; lastKnownFileType = sourcecode.swift; path = MyDataViewModel.swift; sourceTree = "<group>"; };
		7D6934142C62355C00016C7F /* MyDataVMUIProperties.swift */ = {isa = PBXFileReference; lastKnownFileType = sourcecode.swift; path = MyDataVMUIProperties.swift; sourceTree = "<group>"; };
		7DB633DF2C6B94A100BE13D3 /* PickAddressView.swift */ = {isa = PBXFileReference; lastKnownFileType = sourcecode.swift; path = PickAddressView.swift; sourceTree = "<group>"; };
		7DB633E12C6B94A900BE13D3 /* PickAddresViewModel.swift */ = {isa = PBXFileReference; lastKnownFileType = sourcecode.swift; path = PickAddresViewModel.swift; sourceTree = "<group>"; };
		7DB633E62C6B955300BE13D3 /* PickAddresVMData.swift */ = {isa = PBXFileReference; lastKnownFileType = sourcecode.swift; path = PickAddresVMData.swift; sourceTree = "<group>"; };
		7DB633E92C6B963300BE13D3 /* PickAddresSubview.swift */ = {isa = PBXFileReference; lastKnownFileType = sourcecode.swift; path = PickAddresSubview.swift; sourceTree = "<group>"; };
		7DB633EB2C6B980D00BE13D3 /* PickAddresVMUIProperties.swift */ = {isa = PBXFileReference; lastKnownFileType = sourcecode.swift; path = PickAddresVMUIProperties.swift; sourceTree = "<group>"; };
		7DB633ED2C6B987A00BE13D3 /* DLCheckbox.swift */ = {isa = PBXFileReference; lastKnownFileType = sourcecode.swift; path = DLCheckbox.swift; sourceTree = "<group>"; };
		7DB633EF2C6B9A4400BE13D3 /* PickAddresVM+Mock.swift */ = {isa = PBXFileReference; lastKnownFileType = sourcecode.swift; path = "PickAddresVM+Mock.swift"; sourceTree = "<group>"; };
		7DB633F52C6B9F7E00BE13D3 /* AddNewAddressView.swift */ = {isa = PBXFileReference; lastKnownFileType = sourcecode.swift; path = AddNewAddressView.swift; sourceTree = "<group>"; };
		7DB633F72C6B9F8600BE13D3 /* AddNewAddressViewModel.swift */ = {isa = PBXFileReference; lastKnownFileType = sourcecode.swift; path = AddNewAddressViewModel.swift; sourceTree = "<group>"; };
		7DB633FA2C6B9FEA00BE13D3 /* AddNewAddressSubview.swift */ = {isa = PBXFileReference; lastKnownFileType = sourcecode.swift; path = AddNewAddressSubview.swift; sourceTree = "<group>"; };
		7DB633FC2C6BA07B00BE13D3 /* AddNewAddressVMUIProperties.swift */ = {isa = PBXFileReference; lastKnownFileType = sourcecode.swift; path = AddNewAddressVMUIProperties.swift; sourceTree = "<group>"; };
		BA6818242C29E0DE00F057D3 /* DTagsSection.swift */ = {isa = PBXFileReference; lastKnownFileType = sourcecode.swift; path = DTagsSection.swift; sourceTree = "<group>"; };
		BA6818292C29E53D00F057D3 /* DBanners.swift */ = {isa = PBXFileReference; lastKnownFileType = sourcecode.swift; path = DBanners.swift; sourceTree = "<group>"; };
		BA8A147D2C46D1560088A9A5 /* PreferenceKey+Extensions.swift */ = {isa = PBXFileReference; lastKnownFileType = sourcecode.swift; path = "PreferenceKey+Extensions.swift"; sourceTree = "<group>"; };
		BA8A14822C46D2AF0088A9A5 /* DProductCard.swift */ = {isa = PBXFileReference; lastKnownFileType = sourcecode.swift; path = DProductCard.swift; sourceTree = "<group>"; };
		BA8A14842C47903D0088A9A5 /* DProductCard+Helpers.swift */ = {isa = PBXFileReference; lastKnownFileType = sourcecode.swift; path = "DProductCard+Helpers.swift"; sourceTree = "<group>"; };
		BA8A148B2C4791FA0088A9A5 /* DProductCardModel.swift */ = {isa = PBXFileReference; lastKnownFileType = sourcecode.swift; path = DProductCardModel.swift; sourceTree = "<group>"; };
		BA8A148E2C4795D00088A9A5 /* DCategory.swift */ = {isa = PBXFileReference; lastKnownFileType = sourcecode.swift; path = DCategory.swift; sourceTree = "<group>"; };
		BA8A14922C47969B0088A9A5 /* MainVMCategory.swift */ = {isa = PBXFileReference; lastKnownFileType = sourcecode.swift; path = MainVMCategory.swift; sourceTree = "<group>"; };
		BA8A14942C47A18D0088A9A5 /* DCategoryModel.swift */ = {isa = PBXFileReference; lastKnownFileType = sourcecode.swift; path = DCategoryModel.swift; sourceTree = "<group>"; };
		BAB435152C1EF5120038897C /* DTag.swift */ = {isa = PBXFileReference; lastKnownFileType = sourcecode.swift; path = DTag.swift; sourceTree = "<group>"; };
		BAB4351A2C1EF82B0038897C /* Spacings.swift */ = {isa = PBXFileReference; lastKnownFileType = sourcecode.swift; path = Spacings.swift; sourceTree = "<group>"; };
		BAB4351C2C1EF8C10038897C /* Corner Radiuses.swift */ = {isa = PBXFileReference; lastKnownFileType = sourcecode.swift; path = "Corner Radiuses.swift"; sourceTree = "<group>"; };
		BAB4351E2C1EFAD60038897C /* DTag+Helpers.swift */ = {isa = PBXFileReference; lastKnownFileType = sourcecode.swift; path = "DTag+Helpers.swift"; sourceTree = "<group>"; };
		E508B1872C74F6AE00106F90 /* MyUserData.swift */ = {isa = PBXFileReference; lastKnownFileType = sourcecode.swift; path = MyUserData.swift; sourceTree = "<group>"; };
		E508B18B2C74F7BD00106F90 /* APIManager.swift */ = {isa = PBXFileReference; lastKnownFileType = sourcecode.swift; path = APIManager.swift; sourceTree = "<group>"; };
		E508B18D2C74F87600106F90 /* Logger.swift */ = {isa = PBXFileReference; lastKnownFileType = sourcecode.swift; path = Logger.swift; sourceTree = "<group>"; };
		E508B1932C75E97200106F90 /* ProductEntity.swift */ = {isa = PBXFileReference; lastKnownFileType = sourcecode.swift; path = ProductEntity.swift; sourceTree = "<group>"; };
		E51F61DB2C56DE7000855779 /* BasketVMData.swift */ = {isa = PBXFileReference; lastKnownFileType = sourcecode.swift; path = BasketVMData.swift; sourceTree = "<group>"; };
		E51F61DD2C56EF5800855779 /* Double+Extenstions.swift */ = {isa = PBXFileReference; lastKnownFileType = sourcecode.swift; path = "Double+Extenstions.swift"; sourceTree = "<group>"; };
		E52A37972C7B5C7B0092D113 /* UIColor+Ext.swift */ = {isa = PBXFileReference; lastKnownFileType = sourcecode.swift; path = "UIColor+Ext.swift"; sourceTree = "<group>"; };
		E52A37992C7B5CA30092D113 /* ViewModelProtocol.swift */ = {isa = PBXFileReference; lastKnownFileType = sourcecode.swift; path = ViewModelProtocol.swift; sourceTree = "<group>"; };
		E534B7C92C7D39BA00D6033F /* UserService.swift */ = {isa = PBXFileReference; lastKnownFileType = sourcecode.swift; path = UserService.swift; sourceTree = "<group>"; };
		E554B27D2C7B8105000AFF58 /* ErrorView.swift */ = {isa = PBXFileReference; lastKnownFileType = sourcecode.swift; path = ErrorView.swift; sourceTree = "<group>"; };
		E554B2802C7B8367000AFF58 /* ScreenState.swift */ = {isa = PBXFileReference; lastKnownFileType = sourcecode.swift; path = ScreenState.swift; sourceTree = "<group>"; };
		E554B2832C7B83EE000AFF58 /* CategoryVMModels.swift */ = {isa = PBXFileReference; lastKnownFileType = sourcecode.swift; path = CategoryVMModels.swift; sourceTree = "<group>"; };
		E55896F92C7E29D800B53975 /* AuthView.swift */ = {isa = PBXFileReference; lastKnownFileType = sourcecode.swift; path = AuthView.swift; sourceTree = "<group>"; };
		E55896FC2C7E2FA900B53975 /* AuthViewModel.swift */ = {isa = PBXFileReference; lastKnownFileType = sourcecode.swift; path = AuthViewModel.swift; sourceTree = "<group>"; };
		E55896FF2C7E408500B53975 /* AuthSubviews.swift */ = {isa = PBXFileReference; lastKnownFileType = sourcecode.swift; path = AuthSubviews.swift; sourceTree = "<group>"; };
		E55897012C7E417600B53975 /* AuthVMModels.swift */ = {isa = PBXFileReference; lastKnownFileType = sourcecode.swift; path = AuthVMModels.swift; sourceTree = "<group>"; };
		E56CEF0D2C7E0913004F38D5 /* UserDefaultsKeys.swift */ = {isa = PBXFileReference; lastKnownFileType = sourcecode.swift; path = UserDefaultsKeys.swift; sourceTree = "<group>"; };
		E56CEF102C7E14C8004F38D5 /* URLSession+Extensions.swift */ = {isa = PBXFileReference; lastKnownFileType = sourcecode.swift; path = "URLSession+Extensions.swift"; sourceTree = "<group>"; };
		E56E6D672C78EB510075E9CF /* BannersService.swift */ = {isa = PBXFileReference; lastKnownFileType = sourcecode.swift; path = BannersService.swift; sourceTree = "<group>"; };
		E56E6D692C78ED340075E9CF /* BannerEntity.swift */ = {isa = PBXFileReference; lastKnownFileType = sourcecode.swift; path = BannerEntity.swift; sourceTree = "<group>"; };
		E571DA582C1B0BD200318D58 /* iOS-Delivery24.app */ = {isa = PBXFileReference; explicitFileType = wrapper.application; includeInIndex = 0; path = "iOS-Delivery24.app"; sourceTree = BUILT_PRODUCTS_DIR; };
		E571DA5B2C1B0BD200318D58 /* DeliveryApp.swift */ = {isa = PBXFileReference; lastKnownFileType = sourcecode.swift; path = DeliveryApp.swift; sourceTree = "<group>"; };
		E571DA5F2C1B0BD300318D58 /* Assets.xcassets */ = {isa = PBXFileReference; lastKnownFileType = folder.assetcatalog; path = Assets.xcassets; sourceTree = "<group>"; };
		E571DA622C1B0BD300318D58 /* Preview Assets.xcassets */ = {isa = PBXFileReference; lastKnownFileType = folder.assetcatalog; path = "Preview Assets.xcassets"; sourceTree = "<group>"; };
		E571DA6E2C1B0C6100318D58 /* Localizable.xcstrings */ = {isa = PBXFileReference; lastKnownFileType = text.json.xcstrings; path = Localizable.xcstrings; sourceTree = "<group>"; };
		E571DA7C2C1B167700318D58 /* MainViewModel.swift */ = {isa = PBXFileReference; lastKnownFileType = sourcecode.swift; path = MainViewModel.swift; sourceTree = "<group>"; };
		E571DA7E2C1B170500318D58 /* MainView.swift */ = {isa = PBXFileReference; lastKnownFileType = sourcecode.swift; path = MainView.swift; sourceTree = "<group>"; };
		E571DA802C1B175F00318D58 /* MainSubviews.swift */ = {isa = PBXFileReference; lastKnownFileType = sourcecode.swift; path = MainSubviews.swift; sourceTree = "<group>"; };
		E571DA842C1B177700318D58 /* ViewModelable.swift */ = {isa = PBXFileReference; lastKnownFileType = sourcecode.swift; path = ViewModelable.swift; sourceTree = "<group>"; };
		E57BF2172C7A092C00638CC8 /* DLCategoryBlock.swift */ = {isa = PBXFileReference; lastKnownFileType = sourcecode.swift; path = DLCategoryBlock.swift; sourceTree = "<group>"; };
		E57BF2192C7A160900638CC8 /* URL+Extensions.swift */ = {isa = PBXFileReference; lastKnownFileType = sourcecode.swift; path = "URL+Extensions.swift"; sourceTree = "<group>"; };
		E57BF21F2C7A16FC00638CC8 /* CategoryView.swift */ = {isa = PBXFileReference; lastKnownFileType = sourcecode.swift; path = CategoryView.swift; sourceTree = "<group>"; };
		E57BF2222C7A174400638CC8 /* CategorySubviews.swift */ = {isa = PBXFileReference; lastKnownFileType = sourcecode.swift; path = CategorySubviews.swift; sourceTree = "<group>"; };
		E57BF2242C7A19A900638CC8 /* CategoryViewModel.swift */ = {isa = PBXFileReference; lastKnownFileType = sourcecode.swift; path = CategoryViewModel.swift; sourceTree = "<group>"; };
		E57BF2262C7A19BA00638CC8 /* CategoryVM+MockData.swift */ = {isa = PBXFileReference; lastKnownFileType = sourcecode.swift; path = "CategoryVM+MockData.swift"; sourceTree = "<group>"; };
		E57BF2282C7A33C700638CC8 /* CategoryEntity.swift */ = {isa = PBXFileReference; lastKnownFileType = sourcecode.swift; path = CategoryEntity.swift; sourceTree = "<group>"; };
		E57BF22A2C7A35A800638CC8 /* CategoryService.swift */ = {isa = PBXFileReference; lastKnownFileType = sourcecode.swift; path = CategoryService.swift; sourceTree = "<group>"; };
		E5A149572C7B9C36004C8D40 /* ProductDetailsVMModels.swift */ = {isa = PBXFileReference; fileEncoding = 4; lastKnownFileType = sourcecode.swift; path = ProductDetailsVMModels.swift; sourceTree = "<group>"; };
		E5A149592C7B9C36004C8D40 /* ProductDetailsSubviews.swift */ = {isa = PBXFileReference; fileEncoding = 4; lastKnownFileType = sourcecode.swift; path = ProductDetailsSubviews.swift; sourceTree = "<group>"; };
		E5A1495B2C7B9C36004C8D40 /* ProductDetailsView.swift */ = {isa = PBXFileReference; fileEncoding = 4; lastKnownFileType = sourcecode.swift; path = ProductDetailsView.swift; sourceTree = "<group>"; };
		E5A1495D2C7B9C36004C8D40 /* ProductDetailsViewModel.swift */ = {isa = PBXFileReference; fileEncoding = 4; lastKnownFileType = sourcecode.swift; path = ProductDetailsViewModel.swift; sourceTree = "<group>"; };
		E5A1495E2C7B9C36004C8D40 /* ProductDetailsVM+Mock.swift */ = {isa = PBXFileReference; fileEncoding = 4; lastKnownFileType = sourcecode.swift; path = "ProductDetailsVM+Mock.swift"; sourceTree = "<group>"; };
		E5A149662C7B9C46004C8D40 /* WalletView.swift */ = {isa = PBXFileReference; fileEncoding = 4; lastKnownFileType = sourcecode.swift; path = WalletView.swift; sourceTree = "<group>"; };
		E5A149682C7BE092004C8D40 /* TabBarView.swift */ = {isa = PBXFileReference; lastKnownFileType = sourcecode.swift; path = TabBarView.swift; sourceTree = "<group>"; };
		E5A30DBE2C1CC3A7005C84E2 /* String+Extenstions.swift */ = {isa = PBXFileReference; lastKnownFileType = sourcecode.swift; path = "String+Extenstions.swift"; sourceTree = "<group>"; };
		E5A71E8E2C7C8991000FC31D /* UserEntity.swift */ = {isa = PBXFileReference; lastKnownFileType = sourcecode.swift; path = UserEntity.swift; sourceTree = "<group>"; };
		E5A71E902C7C8CAC000FC31D /* EntityProtocol.swift */ = {isa = PBXFileReference; lastKnownFileType = sourcecode.swift; path = EntityProtocol.swift; sourceTree = "<group>"; };
		E5A71E922C7C8D85000FC31D /* UserModel.swift */ = {isa = PBXFileReference; lastKnownFileType = sourcecode.swift; path = UserModel.swift; sourceTree = "<group>"; };
		E5A71E942C7CA31D000FC31D /* DontResultView.swift */ = {isa = PBXFileReference; lastKnownFileType = sourcecode.swift; path = DontResultView.swift; sourceTree = "<group>"; };
		E5A71E962C7CA43C000FC31D /* DLButton.swift */ = {isa = PBXFileReference; lastKnownFileType = sourcecode.swift; path = DLButton.swift; sourceTree = "<group>"; };
		E5AE14172C3C9C41008C4426 /* BasketViewModel.swift */ = {isa = PBXFileReference; lastKnownFileType = sourcecode.swift; path = BasketViewModel.swift; sourceTree = "<group>"; };
		E5AE14192C3C9CFC008C4426 /* BasketView.swift */ = {isa = PBXFileReference; lastKnownFileType = sourcecode.swift; path = BasketView.swift; sourceTree = "<group>"; };
		E5AE141D2C3C9DE7008C4426 /* BasketSubviews.swift */ = {isa = PBXFileReference; lastKnownFileType = sourcecode.swift; path = BasketSubviews.swift; sourceTree = "<group>"; };
		E5AE141F2C3C9EF6008C4426 /* BasketVMProduct.swift */ = {isa = PBXFileReference; lastKnownFileType = sourcecode.swift; path = BasketVMProduct.swift; sourceTree = "<group>"; };
		E5AE14212C3CA188008C4426 /* BasketVMNotification.swift */ = {isa = PBXFileReference; lastKnownFileType = sourcecode.swift; path = BasketVMNotification.swift; sourceTree = "<group>"; };
		E5AE14232C3CA1FF008C4426 /* BasketViewModel+Mock.swift */ = {isa = PBXFileReference; lastKnownFileType = sourcecode.swift; path = "BasketViewModel+Mock.swift"; sourceTree = "<group>"; };
		E5AE14262C3CA638008C4426 /* DLProductHCard.swift */ = {isa = PBXFileReference; lastKnownFileType = sourcecode.swift; path = DLProductHCard.swift; sourceTree = "<group>"; };
		E5AE14282C3CA706008C4426 /* ImageKind.swift */ = {isa = PBXFileReference; lastKnownFileType = sourcecode.swift; path = ImageKind.swift; sourceTree = "<group>"; };
		E5AE142B2C3CA80F008C4426 /* DLImageView.swift */ = {isa = PBXFileReference; lastKnownFileType = sourcecode.swift; path = DLImageView.swift; sourceTree = "<group>"; };
		E5C3FCBE2C7B614500453359 /* Navigation.swift */ = {isa = PBXFileReference; lastKnownFileType = sourcecode.swift; path = Navigation.swift; sourceTree = "<group>"; };
		E5C3FCC02C7B7F5900453359 /* ShimmeringView.swift */ = {isa = PBXFileReference; lastKnownFileType = sourcecode.swift; path = ShimmeringView.swift; sourceTree = "<group>"; };
		E5D58FA12C3CB92100C5DCD4 /* DLColor.swift */ = {isa = PBXFileReference; lastKnownFileType = sourcecode.swift; path = DLColor.swift; sourceTree = "<group>"; };
		E5D58FA62C3CC06A00C5DCD4 /* DLNotification.swift */ = {isa = PBXFileReference; lastKnownFileType = sourcecode.swift; path = DLNotification.swift; sourceTree = "<group>"; };
		E5DE29212C7BFBA900290C2D /* MainVMModels.swift */ = {isa = PBXFileReference; lastKnownFileType = sourcecode.swift; path = MainVMModels.swift; sourceTree = "<group>"; };
		E5DE29232C7BFE2300290C2D /* StartLoadingView.swift */ = {isa = PBXFileReference; lastKnownFileType = sourcecode.swift; path = StartLoadingView.swift; sourceTree = "<group>"; };
		E5DF776A2C1C584300C29B8F /* MainHeaderView.swift */ = {isa = PBXFileReference; lastKnownFileType = sourcecode.swift; path = MainHeaderView.swift; sourceTree = "<group>"; };
		E5DF776C2C1C5BA500C29B8F /* DLSearchField.swift */ = {isa = PBXFileReference; lastKnownFileType = sourcecode.swift; path = DLSearchField.swift; sourceTree = "<group>"; };
		E5E99D982C78C1590006F781 /* Router.swift */ = {isa = PBXFileReference; lastKnownFileType = sourcecode.swift; path = Router.swift; sourceTree = "<group>"; };
		E5E99D9A2C78C16A0006F781 /* HTTPMethod.swift */ = {isa = PBXFileReference; lastKnownFileType = sourcecode.swift; path = HTTPMethod.swift; sourceTree = "<group>"; };
		E5E99D9C2C78C1780006F781 /* APIError.swift */ = {isa = PBXFileReference; lastKnownFileType = sourcecode.swift; path = APIError.swift; sourceTree = "<group>"; };
		E5E99D9E2C78C1810006F781 /* ProductService.swift */ = {isa = PBXFileReference; lastKnownFileType = sourcecode.swift; path = ProductService.swift; sourceTree = "<group>"; };
		E5EE58D62C1B289C00CEC0E3 /* MainVM+Mock.swift */ = {isa = PBXFileReference; lastKnownFileType = sourcecode.swift; path = "MainVM+Mock.swift"; sourceTree = "<group>"; };
		E5EE58D82C1B28A800CEC0E3 /* Mockable.swift */ = {isa = PBXFileReference; lastKnownFileType = sourcecode.swift; path = Mockable.swift; sourceTree = "<group>"; };
		E5EE58DB2C1B29BD00CEC0E3 /* MainVMSection.swift */ = {isa = PBXFileReference; lastKnownFileType = sourcecode.swift; path = MainVMSection.swift; sourceTree = "<group>"; };
		E5EE58DD2C1B29C900CEC0E3 /* MainVMProduct.swift */ = {isa = PBXFileReference; lastKnownFileType = sourcecode.swift; path = MainVMProduct.swift; sourceTree = "<group>"; };
		E5EE58DF2C1B316000CEC0E3 /* Typealias.swift */ = {isa = PBXFileReference; lastKnownFileType = sourcecode.swift; path = Typealias.swift; sourceTree = "<group>"; };
		E5EE58E32C1B333200CEC0E3 /* Text+Extenstions.swift */ = {isa = PBXFileReference; lastKnownFileType = sourcecode.swift; path = "Text+Extenstions.swift"; sourceTree = "<group>"; };
		E5F416372C7C1B7200BE99F6 /* CategoryListView.swift */ = {isa = PBXFileReference; lastKnownFileType = sourcecode.swift; path = CategoryListView.swift; sourceTree = "<group>"; };
		E5F416392C7C1BB000BE99F6 /* CategoryListViewModel.swift */ = {isa = PBXFileReference; lastKnownFileType = sourcecode.swift; path = CategoryListViewModel.swift; sourceTree = "<group>"; };
		E5F4163B2C7C1C0100BE99F6 /* CategoryListVMModels.swift */ = {isa = PBXFileReference; lastKnownFileType = sourcecode.swift; path = CategoryListVMModels.swift; sourceTree = "<group>"; };
		E5F4163E2C7C1C8700BE99F6 /* CategoryListSubviews.swift */ = {isa = PBXFileReference; lastKnownFileType = sourcecode.swift; path = CategoryListSubviews.swift; sourceTree = "<group>"; };
		E5F416402C7C1E5700BE99F6 /* CategoryListVM+Mock.swift */ = {isa = PBXFileReference; lastKnownFileType = sourcecode.swift; path = "CategoryListVM+Mock.swift"; sourceTree = "<group>"; };
		E5F643632C55384F005D7581 /* DLMinimumOrderSumView.swift */ = {isa = PBXFileReference; lastKnownFileType = sourcecode.swift; path = DLMinimumOrderSumView.swift; sourceTree = "<group>"; };
		E5F643652C55467E005D7581 /* View+Extensions.swift */ = {isa = PBXFileReference; lastKnownFileType = sourcecode.swift; path = "View+Extensions.swift"; sourceTree = "<group>"; };
		E5F643672C5548D3005D7581 /* DLBasketMakeOrderButton.swift */ = {isa = PBXFileReference; lastKnownFileType = sourcecode.swift; path = DLBasketMakeOrderButton.swift; sourceTree = "<group>"; };
		E5F643692C554FD5005D7581 /* BasketVMUIProperties.swift */ = {isa = PBXFileReference; lastKnownFileType = sourcecode.swift; path = BasketVMUIProperties.swift; sourceTree = "<group>"; };
		E5F643702C55DA1C005D7581 /* MakeOrderView.swift */ = {isa = PBXFileReference; lastKnownFileType = sourcecode.swift; path = MakeOrderView.swift; sourceTree = "<group>"; };
		E5F643722C55DAAE005D7581 /* MakeOrderViewModel.swift */ = {isa = PBXFileReference; lastKnownFileType = sourcecode.swift; path = MakeOrderViewModel.swift; sourceTree = "<group>"; };
		E5F643752C55DAE4005D7581 /* MakeOrderSubview.swift */ = {isa = PBXFileReference; lastKnownFileType = sourcecode.swift; path = MakeOrderSubview.swift; sourceTree = "<group>"; };
		E5F643782C55E151005D7581 /* MakeOrderVMUIProperies.swift */ = {isa = PBXFileReference; lastKnownFileType = sourcecode.swift; path = MakeOrderVMUIProperies.swift; sourceTree = "<group>"; };
		E5F6437A2C55E4BE005D7581 /* MakeOrderVMResultData.swift */ = {isa = PBXFileReference; lastKnownFileType = sourcecode.swift; path = MakeOrderVMResultData.swift; sourceTree = "<group>"; };
		E5F6437C2C55E9DB005D7581 /* DLProductsCarousel.swift */ = {isa = PBXFileReference; lastKnownFileType = sourcecode.swift; path = DLProductsCarousel.swift; sourceTree = "<group>"; };
		E5F6437E2C55F103005D7581 /* ThankYouView.swift */ = {isa = PBXFileReference; lastKnownFileType = sourcecode.swift; path = ThankYouView.swift; sourceTree = "<group>"; };
		E5F643802C55F448005D7581 /* MakeOrderViewModel+Mock.swift */ = {isa = PBXFileReference; lastKnownFileType = sourcecode.swift; path = "MakeOrderViewModel+Mock.swift"; sourceTree = "<group>"; };
		E5FE57A02C79270100264FE2 /* PopcatsService.swift */ = {isa = PBXFileReference; lastKnownFileType = sourcecode.swift; path = PopcatsService.swift; sourceTree = "<group>"; };
		E5FE57A22C792D4C00264FE2 /* PopcatsEntity.swift */ = {isa = PBXFileReference; lastKnownFileType = sourcecode.swift; path = PopcatsEntity.swift; sourceTree = "<group>"; };
		E5FE57A42C79312100264FE2 /* Launch Screen.storyboard */ = {isa = PBXFileReference; lastKnownFileType = file.storyboard; path = "Launch Screen.storyboard"; sourceTree = "<group>"; };
/* End PBXFileReference section */

/* Begin PBXFrameworksBuildPhase section */
		E571DA552C1B0BD200318D58 /* Frameworks */ = {
			isa = PBXFrameworksBuildPhase;
			buildActionMask = 2147483647;
			files = (
				E508B1912C74F9A700106F90 /* SwiftPrettyPrint in Frameworks */,
				E5C3FCBB2C7B5E5A00453359 /* NavigationStackBackport in Frameworks */,
				BA68182D2C29F10000F057D3 /* Kingfisher in Frameworks */,
			);
			runOnlyForDeploymentPostprocessing = 0;
		};
/* End PBXFrameworksBuildPhase section */

/* Begin PBXGroup section */
		7D19A9072C6038A40097F880 /* ProfileStream */ = {
			isa = PBXGroup;
			children = (
				7DB633F12C6B9F5700BE13D3 /* AddNewAddressView */,
				7DB633DE2C6B948C00BE13D3 /* PickAddressView */,
				7D2CFD4E2C61732C00AB9021 /* MyDataScreen */,
				7D2CFD4D2C61732100AB9021 /* MainView */,
			);
			path = ProfileStream;
			sourceTree = "<group>";
		};
		7D19A90A2C6039EA0097F880 /* View */ = {
			isa = PBXGroup;
			children = (
				7D19A90B2C6039F10097F880 /* Subviews */,
				7D19A9082C6038EB0097F880 /* ProfileScreen.swift */,
			);
			path = View;
			sourceTree = "<group>";
		};
		7D19A90B2C6039F10097F880 /* Subviews */ = {
			isa = PBXGroup;
			children = (
				7D19A9102C603A330097F880 /* ProfileSubviews.swift */,
			);
			path = Subviews;
			sourceTree = "<group>";
		};
		7D19A90C2C603A000097F880 /* ViewModel */ = {
			isa = PBXGroup;
			children = (
				7D19A90E2C603A120097F880 /* ProfileViewModel.swift */,
				7D2CFD472C6150CE00AB9021 /* ProfileViewModel+Mock.swift */,
			);
			path = ViewModel;
			sourceTree = "<group>";
		};
		7D19A90D2C603A090097F880 /* Model */ = {
			isa = PBXGroup;
			children = (
				7D2CFD452C61506400AB9021 /* ProfileVMRows.swift */,
				7D2CFD492C615C0200AB9021 /* ProfileVMModels.swift */,
			);
			path = Model;
			sourceTree = "<group>";
		};
		7D2CFD4D2C61732100AB9021 /* MainView */ = {
			isa = PBXGroup;
			children = (
				7D19A90D2C603A090097F880 /* Model */,
				7D19A90C2C603A000097F880 /* ViewModel */,
				7D19A90A2C6039EA0097F880 /* View */,
			);
			path = MainView;
			sourceTree = "<group>";
		};
		7D2CFD4E2C61732C00AB9021 /* MyDataScreen */ = {
			isa = PBXGroup;
			children = (
				7D2CFD502C61733B00AB9021 /* Model */,
				7D2CFD512C61733E00AB9021 /* ViewModel */,
				7D2CFD4F2C61733800AB9021 /* View */,
			);
			path = MyDataScreen;
			sourceTree = "<group>";
		};
		7D2CFD4F2C61733800AB9021 /* View */ = {
			isa = PBXGroup;
			children = (
				7D2CFD522C61734F00AB9021 /* Subviews */,
				7D2CFD4B2C6172F600AB9021 /* MyDataScreen.swift */,
			);
			path = View;
			sourceTree = "<group>";
		};
		7D2CFD502C61733B00AB9021 /* Model */ = {
			isa = PBXGroup;
			children = (
				7D6934142C62355C00016C7F /* MyDataVMUIProperties.swift */,
			);
			path = Model;
			sourceTree = "<group>";
		};
		7D2CFD512C61733E00AB9021 /* ViewModel */ = {
			isa = PBXGroup;
			children = (
				7D2CFD552C61738700AB9021 /* MyDataViewModel.swift */,
			);
			path = ViewModel;
			sourceTree = "<group>";
		};
		7D2CFD522C61734F00AB9021 /* Subviews */ = {
			isa = PBXGroup;
			children = (
				7D2CFD532C61735A00AB9021 /* MyDataSubviews.swift */,
			);
			path = Subviews;
			sourceTree = "<group>";
		};
		7DB633DE2C6B948C00BE13D3 /* PickAddressView */ = {
			isa = PBXGroup;
			children = (
				7DB633E52C6B94BB00BE13D3 /* Model */,
				7DB633E32C6B94AD00BE13D3 /* ViewModel */,
				7DB633E42C6B94B900BE13D3 /* View */,
			);
			path = PickAddressView;
			sourceTree = "<group>";
		};
		7DB633E32C6B94AD00BE13D3 /* ViewModel */ = {
			isa = PBXGroup;
			children = (
				7DB633E12C6B94A900BE13D3 /* PickAddresViewModel.swift */,
				7DB633EF2C6B9A4400BE13D3 /* PickAddresVM+Mock.swift */,
			);
			path = ViewModel;
			sourceTree = "<group>";
		};
		7DB633E42C6B94B900BE13D3 /* View */ = {
			isa = PBXGroup;
			children = (
				7DB633E82C6B962500BE13D3 /* Subviews */,
				7DB633DF2C6B94A100BE13D3 /* PickAddressView.swift */,
			);
			path = View;
			sourceTree = "<group>";
		};
		7DB633E52C6B94BB00BE13D3 /* Model */ = {
			isa = PBXGroup;
			children = (
				7DB633E62C6B955300BE13D3 /* PickAddresVMData.swift */,
				7DB633EB2C6B980D00BE13D3 /* PickAddresVMUIProperties.swift */,
			);
			path = Model;
			sourceTree = "<group>";
		};
		7DB633E82C6B962500BE13D3 /* Subviews */ = {
			isa = PBXGroup;
			children = (
				7DB633E92C6B963300BE13D3 /* PickAddresSubview.swift */,
			);
			path = Subviews;
			sourceTree = "<group>";
		};
		7DB633F12C6B9F5700BE13D3 /* AddNewAddressView */ = {
			isa = PBXGroup;
			children = (
				7DB633F32C6B9F6B00BE13D3 /* Model */,
				7DB633F42C6B9F6E00BE13D3 /* ViewModel */,
				7DB633F22C6B9F6800BE13D3 /* View */,
			);
			path = AddNewAddressView;
			sourceTree = "<group>";
		};
		7DB633F22C6B9F6800BE13D3 /* View */ = {
			isa = PBXGroup;
			children = (
				7DB633F92C6B9FDF00BE13D3 /* Subview */,
				7DB633F52C6B9F7E00BE13D3 /* AddNewAddressView.swift */,
			);
			path = View;
			sourceTree = "<group>";
		};
		7DB633F32C6B9F6B00BE13D3 /* Model */ = {
			isa = PBXGroup;
			children = (
				7DB633FC2C6BA07B00BE13D3 /* AddNewAddressVMUIProperties.swift */,
			);
			path = Model;
			sourceTree = "<group>";
		};
		7DB633F42C6B9F6E00BE13D3 /* ViewModel */ = {
			isa = PBXGroup;
			children = (
				7DB633F72C6B9F8600BE13D3 /* AddNewAddressViewModel.swift */,
			);
			path = ViewModel;
			sourceTree = "<group>";
		};
		7DB633F92C6B9FDF00BE13D3 /* Subview */ = {
			isa = PBXGroup;
			children = (
				7DB633FA2C6B9FEA00BE13D3 /* AddNewAddressSubview.swift */,
			);
			path = Subview;
			sourceTree = "<group>";
		};
		BA6818232C29DEE400F057D3 /* DTagsSection */ = {
			isa = PBXGroup;
			children = (
				BA6818242C29E0DE00F057D3 /* DTagsSection.swift */,
			);
			path = DTagsSection;
			sourceTree = "<group>";
		};
		BA6818282C29E53600F057D3 /* DBanners */ = {
			isa = PBXGroup;
			children = (
				BA6818292C29E53D00F057D3 /* DBanners.swift */,
			);
			path = DBanners;
			sourceTree = "<group>";
		};
		BA8A147F2C46D2930088A9A5 /* DProductCard */ = {
			isa = PBXGroup;
			children = (
				BA8A14822C46D2AF0088A9A5 /* DProductCard.swift */,
				BA8A14842C47903D0088A9A5 /* DProductCard+Helpers.swift */,
				BA8A148B2C4791FA0088A9A5 /* DProductCardModel.swift */,
			);
			path = DProductCard;
			sourceTree = "<group>";
		};
		BA8A148D2C4795B60088A9A5 /* DCategory */ = {
			isa = PBXGroup;
			children = (
				BA8A148E2C4795D00088A9A5 /* DCategory.swift */,
				BA8A14942C47A18D0088A9A5 /* DCategoryModel.swift */,
			);
			path = DCategory;
			sourceTree = "<group>";
		};
		BAB435142C1EF5020038897C /* DTag */ = {
			isa = PBXGroup;
			children = (
				BAB435152C1EF5120038897C /* DTag.swift */,
				BAB4351E2C1EFAD60038897C /* DTag+Helpers.swift */,
			);
			path = DTag;
			sourceTree = "<group>";
		};
		BAB435182C1EF7F10038897C /* Common */ = {
			isa = PBXGroup;
			children = (
				BAB4351A2C1EF82B0038897C /* Spacings.swift */,
				E5D58FA12C3CB92100C5DCD4 /* DLColor.swift */,
				BAB4351C2C1EF8C10038897C /* Corner Radiuses.swift */,
			);
			path = Common;
			sourceTree = "<group>";
		};
		E508B1892C74F7B100106F90 /* Services */ = {
			isa = PBXGroup;
			children = (
				E534B7C82C7D39A800D6033F /* ProfileServices */,
				E5E99DA02C78C1F60006F781 /* Models */,
				E57BF22C2C7A382F00638CC8 /* MainRouterServices */,
				E57BF22D2C7A385A00638CC8 /* CategoryRouterServices */,
				E508B18B2C74F7BD00106F90 /* APIManager.swift */,
			);
			path = Services;
			sourceTree = "<group>";
		};
		E508B1922C75E95B00106F90 /* Entiites */ = {
			isa = PBXGroup;
			children = (
				E508B1932C75E97200106F90 /* ProductEntity.swift */,
				E56E6D692C78ED340075E9CF /* BannerEntity.swift */,
				E5FE57A22C792D4C00264FE2 /* PopcatsEntity.swift */,
				E57BF2282C7A33C700638CC8 /* CategoryEntity.swift */,
				E5A71E8E2C7C8991000FC31D /* UserEntity.swift */,
				E5A71E902C7C8CAC000FC31D /* EntityProtocol.swift */,
			);
			path = Entiites;
			sourceTree = "<group>";
		};
		E52A37962C7B5C720092D113 /* UIKit */ = {
			isa = PBXGroup;
			children = (
				E52A37972C7B5C7B0092D113 /* UIColor+Ext.swift */,
			);
			path = UIKit;
			sourceTree = "<group>";
		};
		E534B7C82C7D39A800D6033F /* ProfileServices */ = {
			isa = PBXGroup;
			children = (
				E534B7C92C7D39BA00D6033F /* UserService.swift */,
			);
			path = ProfileServices;
			sourceTree = "<group>";
		};
		E554B27F2C7B8362000AFF58 /* CommonModel */ = {
			isa = PBXGroup;
			children = (
				E554B2802C7B8367000AFF58 /* ScreenState.swift */,
				E5A71E922C7C8D85000FC31D /* UserModel.swift */,
				E56CEF0D2C7E0913004F38D5 /* UserDefaultsKeys.swift */,
			);
			path = CommonModel;
			sourceTree = "<group>";
		};
		E554B2822C7B83E4000AFF58 /* Model */ = {
			isa = PBXGroup;
			children = (
				E554B2832C7B83EE000AFF58 /* CategoryVMModels.swift */,
			);
			path = Model;
			sourceTree = "<group>";
		};
		E55896F42C7E29B400B53975 /* AuthStream */ = {
			isa = PBXGroup;
			children = (
				E55896F52C7E29BF00B53975 /* AuthView */,
			);
			path = AuthStream;
			sourceTree = "<group>";
		};
		E55896F52C7E29BF00B53975 /* AuthView */ = {
			isa = PBXGroup;
			children = (
				E55896F82C7E29CD00B53975 /* Model */,
				E55896F72C7E29CA00B53975 /* ViewModel */,
				E55896F62C7E29C300B53975 /* View */,
			);
			path = AuthView;
			sourceTree = "<group>";
		};
		E55896F62C7E29C300B53975 /* View */ = {
			isa = PBXGroup;
			children = (
				E55896FE2C7E407700B53975 /* Subvies */,
				E55896F92C7E29D800B53975 /* AuthView.swift */,
			);
			path = View;
			sourceTree = "<group>";
		};
		E55896F72C7E29CA00B53975 /* ViewModel */ = {
			isa = PBXGroup;
			children = (
				E55896FC2C7E2FA900B53975 /* AuthViewModel.swift */,
			);
			path = ViewModel;
			sourceTree = "<group>";
		};
		E55896F82C7E29CD00B53975 /* Model */ = {
			isa = PBXGroup;
			children = (
				E55897012C7E417600B53975 /* AuthVMModels.swift */,
			);
			path = Model;
			sourceTree = "<group>";
		};
		E55896FE2C7E407700B53975 /* Subvies */ = {
			isa = PBXGroup;
			children = (
				E55896FF2C7E408500B53975 /* AuthSubviews.swift */,
			);
			path = Subvies;
			sourceTree = "<group>";
		};
		E56CEF0F2C7E14BD004F38D5 /* Combine */ = {
			isa = PBXGroup;
			children = (
				E56CEF102C7E14C8004F38D5 /* URLSession+Extensions.swift */,
			);
			path = Combine;
			sourceTree = "<group>";
		};
		E571DA4F2C1B0BD200318D58 = {
			isa = PBXGroup;
			children = (
				E571DA5A2C1B0BD200318D58 /* iOS-Delivery24 */,
				E571DA592C1B0BD200318D58 /* Products */,
			);
			sourceTree = "<group>";
		};
		E571DA592C1B0BD200318D58 /* Products */ = {
			isa = PBXGroup;
			children = (
				E571DA582C1B0BD200318D58 /* iOS-Delivery24.app */,
			);
			name = Products;
			sourceTree = "<group>";
		};
		E571DA5A2C1B0BD200318D58 /* iOS-Delivery24 */ = {
			isa = PBXGroup;
			children = (
				E508B1922C75E95B00106F90 /* Entiites */,
				E508B1892C74F7B100106F90 /* Services */,
				E571DA692C1B0BEC00318D58 /* Application */,
				E571DA6A2C1B0BF400318D58 /* Resources */,
				E571DA6B2C1B0C0E00318D58 /* Helpers */,
				E571DA6C2C1B0C1400318D58 /* Streams */,
				E508B1872C74F6AE00106F90 /* MyUserData.swift */,
			);
			path = "iOS-Delivery24";
			sourceTree = "<group>";
		};
		E571DA612C1B0BD300318D58 /* Preview Content */ = {
			isa = PBXGroup;
			children = (
				E571DA622C1B0BD300318D58 /* Preview Assets.xcassets */,
			);
			path = "Preview Content";
			sourceTree = "<group>";
		};
		E571DA692C1B0BEC00318D58 /* Application */ = {
			isa = PBXGroup;
			children = (
				E571DA5B2C1B0BD200318D58 /* DeliveryApp.swift */,
				E5C3FCBE2C7B614500453359 /* Navigation.swift */,
				E5A149682C7BE092004C8D40 /* TabBarView.swift */,
			);
			path = Application;
			sourceTree = "<group>";
		};
		E571DA6A2C1B0BF400318D58 /* Resources */ = {
			isa = PBXGroup;
			children = (
				E571DA5F2C1B0BD300318D58 /* Assets.xcassets */,
				E571DA612C1B0BD300318D58 /* Preview Content */,
				E571DA6E2C1B0C6100318D58 /* Localizable.xcstrings */,
				E5FE57A42C79312100264FE2 /* Launch Screen.storyboard */,
			);
			path = Resources;
			sourceTree = "<group>";
		};
		E571DA6B2C1B0C0E00318D58 /* Helpers */ = {
			isa = PBXGroup;
			children = (
				E5EE58E12C1B331600CEC0E3 /* Extenstions */,
				E571DA832C1B176A00318D58 /* Protocols */,
				E5EE58DF2C1B316000CEC0E3 /* Typealias.swift */,
				E5AE14282C3CA706008C4426 /* ImageKind.swift */,
				E508B18D2C74F87600106F90 /* Logger.swift */,
			);
			path = Helpers;
			sourceTree = "<group>";
		};
		E571DA6C2C1B0C1400318D58 /* Streams */ = {
			isa = PBXGroup;
			children = (
				E554B27F2C7B8362000AFF58 /* CommonModel */,
				E5AE14252C3CA5C2008C4426 /* DSStream */,
				E55896F42C7E29B400B53975 /* AuthStream */,
				E57BF21B2C7A16CB00638CC8 /* CategoryStream */,
				7D19A9072C6038A40097F880 /* ProfileStream */,
				E5AE14132C3C9B91008C4426 /* BasketStream */,
				E571DA6D2C1B0C2000318D58 /* MainStream */,
			);
			path = Streams;
			sourceTree = "<group>";
		};
		E571DA6D2C1B0C2000318D58 /* MainStream */ = {
			isa = PBXGroup;
			children = (
				E5A149602C7B9C36004C8D40 /* ProductDetailsScreen */,
				E5F6436C2C55D97D005D7581 /* MainScreen */,
			);
			path = MainStream;
			sourceTree = "<group>";
		};
		E571DA822C1B176100318D58 /* ViewModel */ = {
			isa = PBXGroup;
			children = (
				E571DA7C2C1B167700318D58 /* MainViewModel.swift */,
				E5EE58D62C1B289C00CEC0E3 /* MainVM+Mock.swift */,
			);
			path = ViewModel;
			sourceTree = "<group>";
		};
		E571DA832C1B176A00318D58 /* Protocols */ = {
			isa = PBXGroup;
			children = (
				E571DA842C1B177700318D58 /* ViewModelable.swift */,
				E5EE58D82C1B28A800CEC0E3 /* Mockable.swift */,
				E52A37992C7B5CA30092D113 /* ViewModelProtocol.swift */,
			);
			path = Protocols;
			sourceTree = "<group>";
		};
		E571DA882C1B188B00318D58 /* View */ = {
			isa = PBXGroup;
			children = (
				E5A30DBC2C1CBFB6005C84E2 /* Subviews */,
				E571DA7E2C1B170500318D58 /* MainView.swift */,
			);
			path = View;
			sourceTree = "<group>";
		};
		E57BF21B2C7A16CB00638CC8 /* CategoryStream */ = {
			isa = PBXGroup;
			children = (
				E5F416332C7C1B5800BE99F6 /* CategoryList */,
				E5F416322C7C1B5100BE99F6 /* CatalogView */,
			);
			path = CategoryStream;
			sourceTree = "<group>";
		};
		E57BF21C2C7A16DC00638CC8 /* View */ = {
			isa = PBXGroup;
			children = (
				E57BF2212C7A173800638CC8 /* Subviews */,
				E57BF21F2C7A16FC00638CC8 /* CategoryView.swift */,
			);
			path = View;
			sourceTree = "<group>";
		};
		E57BF21E2C7A16E300638CC8 /* ViewModel */ = {
			isa = PBXGroup;
			children = (
				E57BF2242C7A19A900638CC8 /* CategoryViewModel.swift */,
				E57BF2262C7A19BA00638CC8 /* CategoryVM+MockData.swift */,
			);
			path = ViewModel;
			sourceTree = "<group>";
		};
		E57BF2212C7A173800638CC8 /* Subviews */ = {
			isa = PBXGroup;
			children = (
				E57BF2222C7A174400638CC8 /* CategorySubviews.swift */,
			);
			path = Subviews;
			sourceTree = "<group>";
		};
		E57BF22C2C7A382F00638CC8 /* MainRouterServices */ = {
			isa = PBXGroup;
			children = (
				E5E99D9E2C78C1810006F781 /* ProductService.swift */,
				E56E6D672C78EB510075E9CF /* BannersService.swift */,
				E5FE57A02C79270100264FE2 /* PopcatsService.swift */,
			);
			path = MainRouterServices;
			sourceTree = "<group>";
		};
		E57BF22D2C7A385A00638CC8 /* CategoryRouterServices */ = {
			isa = PBXGroup;
			children = (
				E57BF22A2C7A35A800638CC8 /* CategoryService.swift */,
			);
			path = CategoryRouterServices;
			sourceTree = "<group>";
		};
		E5A149582C7B9C36004C8D40 /* Model */ = {
			isa = PBXGroup;
			children = (
				E5A149572C7B9C36004C8D40 /* ProductDetailsVMModels.swift */,
			);
			path = Model;
			sourceTree = "<group>";
		};
		E5A1495A2C7B9C36004C8D40 /* Subviews */ = {
			isa = PBXGroup;
			children = (
				E5A149592C7B9C36004C8D40 /* ProductDetailsSubviews.swift */,
			);
			path = Subviews;
			sourceTree = "<group>";
		};
		E5A1495C2C7B9C36004C8D40 /* View */ = {
			isa = PBXGroup;
			children = (
				E5A1495A2C7B9C36004C8D40 /* Subviews */,
				E5A1495B2C7B9C36004C8D40 /* ProductDetailsView.swift */,
			);
			path = View;
			sourceTree = "<group>";
		};
		E5A1495F2C7B9C36004C8D40 /* ViewModel */ = {
			isa = PBXGroup;
			children = (
				E5A1495D2C7B9C36004C8D40 /* ProductDetailsViewModel.swift */,
				E5A1495E2C7B9C36004C8D40 /* ProductDetailsVM+Mock.swift */,
			);
			path = ViewModel;
			sourceTree = "<group>";
		};
		E5A149602C7B9C36004C8D40 /* ProductDetailsScreen */ = {
			isa = PBXGroup;
			children = (
				E5A149582C7B9C36004C8D40 /* Model */,
				E5A1495F2C7B9C36004C8D40 /* ViewModel */,
				E5A1495C2C7B9C36004C8D40 /* View */,
			);
			path = ProductDetailsScreen;
			sourceTree = "<group>";
		};
		E5A30DBC2C1CBFB6005C84E2 /* Subviews */ = {
			isa = PBXGroup;
			children = (
				E571DA802C1B175F00318D58 /* MainSubviews.swift */,
				E5DF776A2C1C584300C29B8F /* MainHeaderView.swift */,
				E5DF776C2C1C5BA500C29B8F /* DLSearchField.swift */,
			);
			path = Subviews;
			sourceTree = "<group>";
		};
		E5A30DBD2C1CC39C005C84E2 /* Foundation */ = {
			isa = PBXGroup;
			children = (
				E5A30DBE2C1CC3A7005C84E2 /* String+Extenstions.swift */,
				E51F61DD2C56EF5800855779 /* Double+Extenstions.swift */,
				E57BF2192C7A160900638CC8 /* URL+Extensions.swift */,
			);
			path = Foundation;
			sourceTree = "<group>";
		};
		E5AE14132C3C9B91008C4426 /* BasketStream */ = {
			isa = PBXGroup;
			children = (
				E5F6436D2C55D9FA005D7581 /* MakeOrderScreen */,
				E5F6436B2C55D966005D7581 /* BasketScreen */,
			);
			path = BasketStream;
			sourceTree = "<group>";
		};
		E5AE14142C3C9C20008C4426 /* Model */ = {
			isa = PBXGroup;
			children = (
				E5AE141F2C3C9EF6008C4426 /* BasketVMProduct.swift */,
				E5AE14212C3CA188008C4426 /* BasketVMNotification.swift */,
				E5F643692C554FD5005D7581 /* BasketVMUIProperties.swift */,
				E51F61DB2C56DE7000855779 /* BasketVMData.swift */,
			);
			path = Model;
			sourceTree = "<group>";
		};
		E5AE14152C3C9C23008C4426 /* View */ = {
			isa = PBXGroup;
			children = (
				E5AE141C2C3C9DB3008C4426 /* Subviews */,
				E5AE14192C3C9CFC008C4426 /* BasketView.swift */,
			);
			path = View;
			sourceTree = "<group>";
		};
		E5AE14162C3C9C26008C4426 /* ViewModel */ = {
			isa = PBXGroup;
			children = (
				E5AE14172C3C9C41008C4426 /* BasketViewModel.swift */,
				E5AE14232C3CA1FF008C4426 /* BasketViewModel+Mock.swift */,
			);
			path = ViewModel;
			sourceTree = "<group>";
		};
		E5AE141C2C3C9DB3008C4426 /* Subviews */ = {
			isa = PBXGroup;
			children = (
				E5AE141D2C3C9DE7008C4426 /* BasketSubviews.swift */,
			);
			path = Subviews;
			sourceTree = "<group>";
		};
		E5AE14252C3CA5C2008C4426 /* DSStream */ = {
			isa = PBXGroup;
			children = (
				BAB435182C1EF7F10038897C /* Common */,
				E5AE142D2C3CB87F008C4426 /* Components */,
			);
			path = DSStream;
			sourceTree = "<group>";
		};
		E5AE142D2C3CB87F008C4426 /* Components */ = {
			isa = PBXGroup;
			children = (
				BA8A148D2C4795B60088A9A5 /* DCategory */,
				BA8A147F2C46D2930088A9A5 /* DProductCard */,
				BA6818282C29E53600F057D3 /* DBanners */,
				BA6818232C29DEE400F057D3 /* DTagsSection */,
				BAB435142C1EF5020038897C /* DTag */,
				E5AE14262C3CA638008C4426 /* DLProductHCard.swift */,
				E5AE142B2C3CA80F008C4426 /* DLImageView.swift */,
				E5A149662C7B9C46004C8D40 /* WalletView.swift */,
				E5D58FA62C3CC06A00C5DCD4 /* DLNotification.swift */,
				E5F643632C55384F005D7581 /* DLMinimumOrderSumView.swift */,
				E5F643672C5548D3005D7581 /* DLBasketMakeOrderButton.swift */,
				E5F6437C2C55E9DB005D7581 /* DLProductsCarousel.swift */,
				7DB633ED2C6B987A00BE13D3 /* DLCheckbox.swift */,
				E57BF2172C7A092C00638CC8 /* DLCategoryBlock.swift */,
				E5C3FCC02C7B7F5900453359 /* ShimmeringView.swift */,
				E554B27D2C7B8105000AFF58 /* ErrorView.swift */,
				E5DE29232C7BFE2300290C2D /* StartLoadingView.swift */,
				E5A71E942C7CA31D000FC31D /* DontResultView.swift */,
				E5A71E962C7CA43C000FC31D /* DLButton.swift */,
			);
			path = Components;
			sourceTree = "<group>";
		};
		E5E99DA02C78C1F60006F781 /* Models */ = {
			isa = PBXGroup;
			children = (
				E5E99D982C78C1590006F781 /* Router.swift */,
				E5E99D9A2C78C16A0006F781 /* HTTPMethod.swift */,
				E5E99D9C2C78C1780006F781 /* APIError.swift */,
			);
			path = Models;
			sourceTree = "<group>";
		};
		E5EE58DA2C1B29A700CEC0E3 /* Model */ = {
			isa = PBXGroup;
			children = (
				E5DE29212C7BFBA900290C2D /* MainVMModels.swift */,
				E5EE58DB2C1B29BD00CEC0E3 /* MainVMSection.swift */,
				E5EE58DD2C1B29C900CEC0E3 /* MainVMProduct.swift */,
				BA8A14922C47969B0088A9A5 /* MainVMCategory.swift */,
			);
			path = Model;
			sourceTree = "<group>";
		};
		E5EE58E12C1B331600CEC0E3 /* Extenstions */ = {
			isa = PBXGroup;
			children = (
				E56CEF0F2C7E14BD004F38D5 /* Combine */,
				E52A37962C7B5C720092D113 /* UIKit */,
				E5A30DBD2C1CC39C005C84E2 /* Foundation */,
				E5EE58E22C1B332400CEC0E3 /* SwiftUI */,
			);
			path = Extenstions;
			sourceTree = "<group>";
		};
		E5EE58E22C1B332400CEC0E3 /* SwiftUI */ = {
			isa = PBXGroup;
			children = (
				E5EE58E32C1B333200CEC0E3 /* Text+Extenstions.swift */,
				E5F643652C55467E005D7581 /* View+Extensions.swift */,
				BA8A147D2C46D1560088A9A5 /* PreferenceKey+Extensions.swift */,
			);
			path = SwiftUI;
			sourceTree = "<group>";
		};
		E5F416322C7C1B5100BE99F6 /* CatalogView */ = {
			isa = PBXGroup;
			children = (
				E554B2822C7B83E4000AFF58 /* Model */,
				E57BF21E2C7A16E300638CC8 /* ViewModel */,
				E57BF21C2C7A16DC00638CC8 /* View */,
			);
			path = CatalogView;
			sourceTree = "<group>";
		};
		E5F416332C7C1B5800BE99F6 /* CategoryList */ = {
			isa = PBXGroup;
			children = (
				E5F416362C7C1B6900BE99F6 /* Model */,
				E5F416352C7C1B6600BE99F6 /* ViewModel */,
				E5F416342C7C1B6200BE99F6 /* View */,
			);
			path = CategoryList;
			sourceTree = "<group>";
		};
		E5F416342C7C1B6200BE99F6 /* View */ = {
			isa = PBXGroup;
			children = (
				E5F4163D2C7C1C7300BE99F6 /* Subviews */,
				E5F416372C7C1B7200BE99F6 /* CategoryListView.swift */,
			);
			path = View;
			sourceTree = "<group>";
		};
		E5F416352C7C1B6600BE99F6 /* ViewModel */ = {
			isa = PBXGroup;
			children = (
				E5F416392C7C1BB000BE99F6 /* CategoryListViewModel.swift */,
				E5F416402C7C1E5700BE99F6 /* CategoryListVM+Mock.swift */,
			);
			path = ViewModel;
			sourceTree = "<group>";
		};
		E5F416362C7C1B6900BE99F6 /* Model */ = {
			isa = PBXGroup;
			children = (
				E5F4163B2C7C1C0100BE99F6 /* CategoryListVMModels.swift */,
			);
			path = Model;
			sourceTree = "<group>";
		};
		E5F4163D2C7C1C7300BE99F6 /* Subviews */ = {
			isa = PBXGroup;
			children = (
				E5F4163E2C7C1C8700BE99F6 /* CategoryListSubviews.swift */,
			);
			path = Subviews;
			sourceTree = "<group>";
		};
		E5F6436B2C55D966005D7581 /* BasketScreen */ = {
			isa = PBXGroup;
			children = (
				E5AE14142C3C9C20008C4426 /* Model */,
				E5AE14162C3C9C26008C4426 /* ViewModel */,
				E5AE14152C3C9C23008C4426 /* View */,
			);
			path = BasketScreen;
			sourceTree = "<group>";
		};
		E5F6436C2C55D97D005D7581 /* MainScreen */ = {
			isa = PBXGroup;
			children = (
				E5EE58DA2C1B29A700CEC0E3 /* Model */,
				E571DA822C1B176100318D58 /* ViewModel */,
				E571DA882C1B188B00318D58 /* View */,
			);
			path = MainScreen;
			sourceTree = "<group>";
		};
		E5F6436D2C55D9FA005D7581 /* MakeOrderScreen */ = {
			isa = PBXGroup;
			children = (
				E5F643772C55E144005D7581 /* Model */,
				E5F6436F2C55DA08005D7581 /* ViewModel */,
				E5F6436E2C55DA05005D7581 /* View */,
			);
			path = MakeOrderScreen;
			sourceTree = "<group>";
		};
		E5F6436E2C55DA05005D7581 /* View */ = {
			isa = PBXGroup;
			children = (
				E5F643742C55DAD5005D7581 /* Subviews */,
				E5F643702C55DA1C005D7581 /* MakeOrderView.swift */,
			);
			path = View;
			sourceTree = "<group>";
		};
		E5F6436F2C55DA08005D7581 /* ViewModel */ = {
			isa = PBXGroup;
			children = (
				E5F643722C55DAAE005D7581 /* MakeOrderViewModel.swift */,
				E5F643802C55F448005D7581 /* MakeOrderViewModel+Mock.swift */,
			);
			path = ViewModel;
			sourceTree = "<group>";
		};
		E5F643742C55DAD5005D7581 /* Subviews */ = {
			isa = PBXGroup;
			children = (
				E5F643752C55DAE4005D7581 /* MakeOrderSubview.swift */,
				E5F6437E2C55F103005D7581 /* ThankYouView.swift */,
			);
			path = Subviews;
			sourceTree = "<group>";
		};
		E5F643772C55E144005D7581 /* Model */ = {
			isa = PBXGroup;
			children = (
				E5F643782C55E151005D7581 /* MakeOrderVMUIProperies.swift */,
				E5F6437A2C55E4BE005D7581 /* MakeOrderVMResultData.swift */,
			);
			path = Model;
			sourceTree = "<group>";
		};
/* End PBXGroup section */

/* Begin PBXNativeTarget section */
		E571DA572C1B0BD200318D58 /* iOS-Delivery24 */ = {
			isa = PBXNativeTarget;
			buildConfigurationList = E571DA662C1B0BD300318D58 /* Build configuration list for PBXNativeTarget "iOS-Delivery24" */;
			buildPhases = (
				E571DA542C1B0BD200318D58 /* Sources */,
				E571DA552C1B0BD200318D58 /* Frameworks */,
				E571DA562C1B0BD200318D58 /* Resources */,
			);
			buildRules = (
			);
			dependencies = (
			);
			name = "iOS-Delivery24";
			packageProductDependencies = (
				BA68182C2C29F10000F057D3 /* Kingfisher */,
				E508B1902C74F9A700106F90 /* SwiftPrettyPrint */,
				E5C3FCBA2C7B5E5A00453359 /* NavigationStackBackport */,
			);
			productName = "iOS-Delivery24";
			productReference = E571DA582C1B0BD200318D58 /* iOS-Delivery24.app */;
			productType = "com.apple.product-type.application";
		};
/* End PBXNativeTarget section */

/* Begin PBXProject section */
		E571DA502C1B0BD200318D58 /* Project object */ = {
			isa = PBXProject;
			attributes = {
				BuildIndependentTargetsInParallel = 1;
				LastSwiftUpdateCheck = 1540;
				LastUpgradeCheck = 1540;
				TargetAttributes = {
					E571DA572C1B0BD200318D58 = {
						CreatedOnToolsVersion = 15.4;
					};
				};
			};
			buildConfigurationList = E571DA532C1B0BD200318D58 /* Build configuration list for PBXProject "iOS-Delivery24" */;
			compatibilityVersion = "Xcode 14.0";
			developmentRegion = en;
			hasScannedForEncodings = 0;
			knownRegions = (
				en,
				Base,
				ru,
			);
			mainGroup = E571DA4F2C1B0BD200318D58;
			packageReferences = (
				BA68182B2C29F10000F057D3 /* XCRemoteSwiftPackageReference "Kingfisher" */,
				E508B18F2C74F9A700106F90 /* XCRemoteSwiftPackageReference "SwiftPrettyPrint" */,
				E5C3FCB92C7B5E5A00453359 /* XCRemoteSwiftPackageReference "navigation-stack-backport" */,
			);
			productRefGroup = E571DA592C1B0BD200318D58 /* Products */;
			projectDirPath = "";
			projectRoot = "";
			targets = (
				E571DA572C1B0BD200318D58 /* iOS-Delivery24 */,
			);
		};
/* End PBXProject section */

/* Begin PBXResourcesBuildPhase section */
		E571DA562C1B0BD200318D58 /* Resources */ = {
			isa = PBXResourcesBuildPhase;
			buildActionMask = 2147483647;
			files = (
				E571DA632C1B0BD300318D58 /* Preview Assets.xcassets in Resources */,
				E571DA602C1B0BD300318D58 /* Assets.xcassets in Resources */,
				E5FE57A52C79312100264FE2 /* Launch Screen.storyboard in Resources */,
				E571DA6F2C1B0C6100318D58 /* Localizable.xcstrings in Resources */,
			);
			runOnlyForDeploymentPostprocessing = 0;
		};
/* End PBXResourcesBuildPhase section */

/* Begin PBXSourcesBuildPhase section */
		E571DA542C1B0BD200318D58 /* Sources */ = {
			isa = PBXSourcesBuildPhase;
			buildActionMask = 2147483647;
			files = (
				E5A149632C7B9C36004C8D40 /* ProductDetailsView.swift in Sources */,
				E5A149622C7B9C36004C8D40 /* ProductDetailsSubviews.swift in Sources */,
				E57BF2272C7A19BA00638CC8 /* CategoryVM+MockData.swift in Sources */,
				E5A71E8F2C7C8991000FC31D /* UserEntity.swift in Sources */,
				E5E99D9F2C78C1810006F781 /* ProductService.swift in Sources */,
				E5AE141A2C3C9CFC008C4426 /* BasketView.swift in Sources */,
				E5DE29222C7BFBA900290C2D /* MainVMModels.swift in Sources */,
				7D6934152C62355C00016C7F /* MyDataVMUIProperties.swift in Sources */,
				7DB633EE2C6B987A00BE13D3 /* DLCheckbox.swift in Sources */,
				E554B2812C7B8367000AFF58 /* ScreenState.swift in Sources */,
				E5F643662C55467E005D7581 /* View+Extensions.swift in Sources */,
				E571DA852C1B177700318D58 /* ViewModelable.swift in Sources */,
				E5F643642C55384F005D7581 /* DLMinimumOrderSumView.swift in Sources */,
				E5A149642C7B9C36004C8D40 /* ProductDetailsViewModel.swift in Sources */,
				E5F643812C55F448005D7581 /* MakeOrderViewModel+Mock.swift in Sources */,
				E5F6437B2C55E4BE005D7581 /* MakeOrderVMResultData.swift in Sources */,
				E5AE14272C3CA638008C4426 /* DLProductHCard.swift in Sources */,
				BA8A14932C47969B0088A9A5 /* MainVMCategory.swift in Sources */,
				7D2CFD482C6150CE00AB9021 /* ProfileViewModel+Mock.swift in Sources */,
				E57BF21A2C7A160900638CC8 /* URL+Extensions.swift in Sources */,
				BA8A14952C47A18D0088A9A5 /* DCategoryModel.swift in Sources */,
				E57BF2252C7A19A900638CC8 /* CategoryViewModel.swift in Sources */,
				E56E6D6A2C78ED340075E9CF /* BannerEntity.swift in Sources */,
				BAB4351D2C1EF8C10038897C /* Corner Radiuses.swift in Sources */,
				E508B1882C74F6AE00106F90 /* MyUserData.swift in Sources */,
				E5EE58D72C1B289C00CEC0E3 /* MainVM+Mock.swift in Sources */,
				BAB4351F2C1EFAD60038897C /* DTag+Helpers.swift in Sources */,
				BA8A148F2C4795D00088A9A5 /* DCategory.swift in Sources */,
				E5E99D9B2C78C16A0006F781 /* HTTPMethod.swift in Sources */,
				BA8A14832C46D2AF0088A9A5 /* DProductCard.swift in Sources */,
				E5AE14202C3C9EF6008C4426 /* BasketVMProduct.swift in Sources */,
				E5E99D9D2C78C1780006F781 /* APIError.swift in Sources */,
				7DB633E02C6B94A100BE13D3 /* PickAddressView.swift in Sources */,
				E5F4163A2C7C1BB000BE99F6 /* CategoryListViewModel.swift in Sources */,
				E571DA7F2C1B170500318D58 /* MainView.swift in Sources */,
				E57BF22B2C7A35A800638CC8 /* CategoryService.swift in Sources */,
				E5AE14182C3C9C41008C4426 /* BasketViewModel.swift in Sources */,
				7D2CFD4A2C615C0200AB9021 /* ProfileVMModels.swift in Sources */,
				7D2CFD562C61738700AB9021 /* MyDataViewModel.swift in Sources */,
				7D19A90F2C603A120097F880 /* ProfileViewModel.swift in Sources */,
				7DB633FD2C6BA07B00BE13D3 /* AddNewAddressVMUIProperties.swift in Sources */,
				7DB633E72C6B955300BE13D3 /* PickAddresVMData.swift in Sources */,
				E55897002C7E408500B53975 /* AuthSubviews.swift in Sources */,
				E5A149612C7B9C36004C8D40 /* ProductDetailsVMModels.swift in Sources */,
				E5E99D992C78C1590006F781 /* Router.swift in Sources */,
				7D19A9092C6038EB0097F880 /* ProfileScreen.swift in Sources */,
				7D2CFD4C2C6172F600AB9021 /* MyDataScreen.swift in Sources */,
				E5C3FCBF2C7B614500453359 /* Navigation.swift in Sources */,
				7DB633F62C6B9F7E00BE13D3 /* AddNewAddressView.swift in Sources */,
				E57BF2202C7A16FC00638CC8 /* CategoryView.swift in Sources */,
				7DB633E22C6B94AA00BE13D3 /* PickAddresViewModel.swift in Sources */,
				E5FE57A12C79270100264FE2 /* PopcatsService.swift in Sources */,
				E5F643732C55DAAE005D7581 /* MakeOrderViewModel.swift in Sources */,
				E5F643762C55DAE4005D7581 /* MakeOrderSubview.swift in Sources */,
				7DB633F02C6B9A4400BE13D3 /* PickAddresVM+Mock.swift in Sources */,
				E5AE14242C3CA1FF008C4426 /* BasketViewModel+Mock.swift in Sources */,
				E51F61DC2C56DE7000855779 /* BasketVMData.swift in Sources */,
				E508B18C2C74F7BD00106F90 /* APIManager.swift in Sources */,
				E571DA5C2C1B0BD200318D58 /* DeliveryApp.swift in Sources */,
				E5A71E952C7CA31D000FC31D /* DontResultView.swift in Sources */,
				E5A71E912C7C8CAC000FC31D /* EntityProtocol.swift in Sources */,
				E51F61DE2C56EF5800855779 /* Double+Extenstions.swift in Sources */,
				E57BF2232C7A174400638CC8 /* CategorySubviews.swift in Sources */,
				E5AE142C2C3CA80F008C4426 /* DLImageView.swift in Sources */,
				7D2CFD542C61735A00AB9021 /* MyDataSubviews.swift in Sources */,
				E5F6437F2C55F103005D7581 /* ThankYouView.swift in Sources */,
				E52A37982C7B5C7B0092D113 /* UIColor+Ext.swift in Sources */,
				E5F6437D2C55E9DB005D7581 /* DLProductsCarousel.swift in Sources */,
				BA6818252C29E0DE00F057D3 /* DTagsSection.swift in Sources */,
				BA68182A2C29E53D00F057D3 /* DBanners.swift in Sources */,
				E571DA812C1B175F00318D58 /* MainSubviews.swift in Sources */,
				E5AE14222C3CA188008C4426 /* BasketVMNotification.swift in Sources */,
				E56CEF0E2C7E0913004F38D5 /* UserDefaultsKeys.swift in Sources */,
				E5A71E932C7C8D85000FC31D /* UserModel.swift in Sources */,
				E5DF776D2C1C5BA500C29B8F /* DLSearchField.swift in Sources */,
				E5A149652C7B9C36004C8D40 /* ProductDetailsVM+Mock.swift in Sources */,
				E5D58FA22C3CB92100C5DCD4 /* DLColor.swift in Sources */,
				7DB633F82C6B9F8600BE13D3 /* AddNewAddressViewModel.swift in Sources */,
				E5EE58D92C1B28A800CEC0E3 /* Mockable.swift in Sources */,
				7D19A9112C603A330097F880 /* ProfileSubviews.swift in Sources */,
				7DB633FB2C6B9FEA00BE13D3 /* AddNewAddressSubview.swift in Sources */,
				E5D58FA72C3CC06A00C5DCD4 /* DLNotification.swift in Sources */,
				E508B1942C75E97200106F90 /* ProductEntity.swift in Sources */,
				E5A71E972C7CA43C000FC31D /* DLButton.swift in Sources */,
				E5EE58DE2C1B29C900CEC0E3 /* MainVMProduct.swift in Sources */,
				E5F416382C7C1B7200BE99F6 /* CategoryListView.swift in Sources */,
				E5A149692C7BE092004C8D40 /* TabBarView.swift in Sources */,
				E55896FA2C7E29D800B53975 /* AuthView.swift in Sources */,
				BAB435162C1EF5120038897C /* DTag.swift in Sources */,
				E55896FD2C7E2FA900B53975 /* AuthViewModel.swift in Sources */,
				E57BF2292C7A33C700638CC8 /* CategoryEntity.swift in Sources */,
				BA8A14852C47903D0088A9A5 /* DProductCard+Helpers.swift in Sources */,
				E5F643712C55DA1C005D7581 /* MakeOrderView.swift in Sources */,
				E5F6436A2C554FD5005D7581 /* BasketVMUIProperties.swift in Sources */,
				E55897022C7E417600B53975 /* AuthVMModels.swift in Sources */,
				E5A30DBF2C1CC3A7005C84E2 /* String+Extenstions.swift in Sources */,
				E5F4163C2C7C1C0100BE99F6 /* CategoryListVMModels.swift in Sources */,
				E5DE29242C7BFE2300290C2D /* StartLoadingView.swift in Sources */,
				7DB633EC2C6B980D00BE13D3 /* PickAddresVMUIProperties.swift in Sources */,
				E554B2842C7B83EE000AFF58 /* CategoryVMModels.swift in Sources */,
				E56E6D682C78EB510075E9CF /* BannersService.swift in Sources */,
				E5F643682C5548D3005D7581 /* DLBasketMakeOrderButton.swift in Sources */,
				E5DF776B2C1C584300C29B8F /* MainHeaderView.swift in Sources */,
				E5F4163F2C7C1C8700BE99F6 /* CategoryListSubviews.swift in Sources */,
				E554B27E2C7B8105000AFF58 /* ErrorView.swift in Sources */,
				7D2CFD462C61506400AB9021 /* ProfileVMRows.swift in Sources */,
				E56CEF112C7E14C8004F38D5 /* URLSession+Extensions.swift in Sources */,
				BA8A147E2C46D1560088A9A5 /* PreferenceKey+Extensions.swift in Sources */,
				E571DA7D2C1B167700318D58 /* MainViewModel.swift in Sources */,
				E5EE58E02C1B316000CEC0E3 /* Typealias.swift in Sources */,
				E5AE141E2C3C9DE7008C4426 /* BasketSubviews.swift in Sources */,
				E5F416412C7C1E5700BE99F6 /* CategoryListVM+Mock.swift in Sources */,
				E5F643792C55E151005D7581 /* MakeOrderVMUIProperies.swift in Sources */,
				E5C3FCC12C7B7F5900453359 /* ShimmeringView.swift in Sources */,
				7DB633EA2C6B963300BE13D3 /* PickAddresSubview.swift in Sources */,
				E5AE14292C3CA706008C4426 /* ImageKind.swift in Sources */,
				E5A149672C7B9C46004C8D40 /* WalletView.swift in Sources */,
				BAB4351B2C1EF82B0038897C /* Spacings.swift in Sources */,
				BA8A148C2C4791FA0088A9A5 /* DProductCardModel.swift in Sources */,
				E508B18E2C74F87600106F90 /* Logger.swift in Sources */,
				E52A379A2C7B5CA30092D113 /* ViewModelProtocol.swift in Sources */,
				E5EE58DC2C1B29BD00CEC0E3 /* MainVMSection.swift in Sources */,
				E534B7CA2C7D39BA00D6033F /* UserService.swift in Sources */,
				E57BF2182C7A092C00638CC8 /* DLCategoryBlock.swift in Sources */,
				E5EE58E42C1B333200CEC0E3 /* Text+Extenstions.swift in Sources */,
				E5FE57A32C792D4C00264FE2 /* PopcatsEntity.swift in Sources */,
			);
			runOnlyForDeploymentPostprocessing = 0;
		};
/* End PBXSourcesBuildPhase section */

/* Begin XCBuildConfiguration section */
		E571DA642C1B0BD300318D58 /* Debug */ = {
			isa = XCBuildConfiguration;
			buildSettings = {
				ALWAYS_SEARCH_USER_PATHS = NO;
				ASSETCATALOG_COMPILER_GENERATE_SWIFT_ASSET_SYMBOL_EXTENSIONS = YES;
				CLANG_ANALYZER_NONNULL = YES;
				CLANG_ANALYZER_NUMBER_OBJECT_CONVERSION = YES_AGGRESSIVE;
				CLANG_CXX_LANGUAGE_STANDARD = "gnu++20";
				CLANG_ENABLE_MODULES = YES;
				CLANG_ENABLE_OBJC_ARC = YES;
				CLANG_ENABLE_OBJC_WEAK = YES;
				CLANG_WARN_BLOCK_CAPTURE_AUTORELEASING = YES;
				CLANG_WARN_BOOL_CONVERSION = YES;
				CLANG_WARN_COMMA = YES;
				CLANG_WARN_CONSTANT_CONVERSION = YES;
				CLANG_WARN_DEPRECATED_OBJC_IMPLEMENTATIONS = YES;
				CLANG_WARN_DIRECT_OBJC_ISA_USAGE = YES_ERROR;
				CLANG_WARN_DOCUMENTATION_COMMENTS = YES;
				CLANG_WARN_EMPTY_BODY = YES;
				CLANG_WARN_ENUM_CONVERSION = YES;
				CLANG_WARN_INFINITE_RECURSION = YES;
				CLANG_WARN_INT_CONVERSION = YES;
				CLANG_WARN_NON_LITERAL_NULL_CONVERSION = YES;
				CLANG_WARN_OBJC_IMPLICIT_RETAIN_SELF = YES;
				CLANG_WARN_OBJC_LITERAL_CONVERSION = YES;
				CLANG_WARN_OBJC_ROOT_CLASS = YES_ERROR;
				CLANG_WARN_QUOTED_INCLUDE_IN_FRAMEWORK_HEADER = YES;
				CLANG_WARN_RANGE_LOOP_ANALYSIS = YES;
				CLANG_WARN_STRICT_PROTOTYPES = YES;
				CLANG_WARN_SUSPICIOUS_MOVE = YES;
				CLANG_WARN_UNGUARDED_AVAILABILITY = YES_AGGRESSIVE;
				CLANG_WARN_UNREACHABLE_CODE = YES;
				CLANG_WARN__DUPLICATE_METHOD_MATCH = YES;
				COPY_PHASE_STRIP = NO;
				DEBUG_INFORMATION_FORMAT = dwarf;
				ENABLE_STRICT_OBJC_MSGSEND = YES;
				ENABLE_TESTABILITY = YES;
				ENABLE_USER_SCRIPT_SANDBOXING = YES;
				GCC_C_LANGUAGE_STANDARD = gnu17;
				GCC_DYNAMIC_NO_PIC = NO;
				GCC_NO_COMMON_BLOCKS = YES;
				GCC_OPTIMIZATION_LEVEL = 0;
				GCC_PREPROCESSOR_DEFINITIONS = (
					"DEBUG=1",
					"$(inherited)",
				);
				GCC_WARN_64_TO_32_BIT_CONVERSION = YES;
				GCC_WARN_ABOUT_RETURN_TYPE = YES_ERROR;
				GCC_WARN_UNDECLARED_SELECTOR = YES;
				GCC_WARN_UNINITIALIZED_AUTOS = YES_AGGRESSIVE;
				GCC_WARN_UNUSED_FUNCTION = YES;
				GCC_WARN_UNUSED_VARIABLE = YES;
				IPHONEOS_DEPLOYMENT_TARGET = 17.5;
				LOCALIZATION_PREFERS_STRING_CATALOGS = YES;
				MTL_ENABLE_DEBUG_INFO = INCLUDE_SOURCE;
				MTL_FAST_MATH = YES;
				ONLY_ACTIVE_ARCH = YES;
				SDKROOT = iphoneos;
				SWIFT_ACTIVE_COMPILATION_CONDITIONS = "DEBUG $(inherited)";
				SWIFT_OPTIMIZATION_LEVEL = "-Onone";
			};
			name = Debug;
		};
		E571DA652C1B0BD300318D58 /* Release */ = {
			isa = XCBuildConfiguration;
			buildSettings = {
				ALWAYS_SEARCH_USER_PATHS = NO;
				ASSETCATALOG_COMPILER_GENERATE_SWIFT_ASSET_SYMBOL_EXTENSIONS = YES;
				CLANG_ANALYZER_NONNULL = YES;
				CLANG_ANALYZER_NUMBER_OBJECT_CONVERSION = YES_AGGRESSIVE;
				CLANG_CXX_LANGUAGE_STANDARD = "gnu++20";
				CLANG_ENABLE_MODULES = YES;
				CLANG_ENABLE_OBJC_ARC = YES;
				CLANG_ENABLE_OBJC_WEAK = YES;
				CLANG_WARN_BLOCK_CAPTURE_AUTORELEASING = YES;
				CLANG_WARN_BOOL_CONVERSION = YES;
				CLANG_WARN_COMMA = YES;
				CLANG_WARN_CONSTANT_CONVERSION = YES;
				CLANG_WARN_DEPRECATED_OBJC_IMPLEMENTATIONS = YES;
				CLANG_WARN_DIRECT_OBJC_ISA_USAGE = YES_ERROR;
				CLANG_WARN_DOCUMENTATION_COMMENTS = YES;
				CLANG_WARN_EMPTY_BODY = YES;
				CLANG_WARN_ENUM_CONVERSION = YES;
				CLANG_WARN_INFINITE_RECURSION = YES;
				CLANG_WARN_INT_CONVERSION = YES;
				CLANG_WARN_NON_LITERAL_NULL_CONVERSION = YES;
				CLANG_WARN_OBJC_IMPLICIT_RETAIN_SELF = YES;
				CLANG_WARN_OBJC_LITERAL_CONVERSION = YES;
				CLANG_WARN_OBJC_ROOT_CLASS = YES_ERROR;
				CLANG_WARN_QUOTED_INCLUDE_IN_FRAMEWORK_HEADER = YES;
				CLANG_WARN_RANGE_LOOP_ANALYSIS = YES;
				CLANG_WARN_STRICT_PROTOTYPES = YES;
				CLANG_WARN_SUSPICIOUS_MOVE = YES;
				CLANG_WARN_UNGUARDED_AVAILABILITY = YES_AGGRESSIVE;
				CLANG_WARN_UNREACHABLE_CODE = YES;
				CLANG_WARN__DUPLICATE_METHOD_MATCH = YES;
				COPY_PHASE_STRIP = NO;
				DEBUG_INFORMATION_FORMAT = "dwarf-with-dsym";
				ENABLE_NS_ASSERTIONS = NO;
				ENABLE_STRICT_OBJC_MSGSEND = YES;
				ENABLE_USER_SCRIPT_SANDBOXING = YES;
				GCC_C_LANGUAGE_STANDARD = gnu17;
				GCC_NO_COMMON_BLOCKS = YES;
				GCC_WARN_64_TO_32_BIT_CONVERSION = YES;
				GCC_WARN_ABOUT_RETURN_TYPE = YES_ERROR;
				GCC_WARN_UNDECLARED_SELECTOR = YES;
				GCC_WARN_UNINITIALIZED_AUTOS = YES_AGGRESSIVE;
				GCC_WARN_UNUSED_FUNCTION = YES;
				GCC_WARN_UNUSED_VARIABLE = YES;
				IPHONEOS_DEPLOYMENT_TARGET = 17.5;
				LOCALIZATION_PREFERS_STRING_CATALOGS = YES;
				MTL_ENABLE_DEBUG_INFO = NO;
				MTL_FAST_MATH = YES;
				SDKROOT = iphoneos;
				SWIFT_COMPILATION_MODE = wholemodule;
				VALIDATE_PRODUCT = YES;
			};
			name = Release;
		};
		E571DA672C1B0BD300318D58 /* Debug */ = {
			isa = XCBuildConfiguration;
			buildSettings = {
				ASSETCATALOG_COMPILER_APPICON_NAME = AppIcon;
				ASSETCATALOG_COMPILER_GLOBAL_ACCENT_COLOR_NAME = AccentColor;
				CODE_SIGN_STYLE = Automatic;
				CURRENT_PROJECT_VERSION = 1;
				DEVELOPMENT_ASSET_PATHS = "\"iOS-Delivery24/Resources/Preview Content\"";
				DEVELOPMENT_TEAM = SKCX3NJ774;
				ENABLE_PREVIEWS = YES;
				GENERATE_INFOPLIST_FILE = YES;
				INFOPLIST_KEY_CFBundleDisplayName = "Доставка24";
				INFOPLIST_KEY_LSApplicationCategoryType = "public.app-category.business";
				INFOPLIST_KEY_UIApplicationSceneManifest_Generation = YES;
				INFOPLIST_KEY_UIApplicationSupportsIndirectInputEvents = YES;
				INFOPLIST_KEY_UILaunchScreen_Generation = YES;
				INFOPLIST_KEY_UILaunchStoryboardName = "Launch Screen.storyboard";
				INFOPLIST_KEY_UISupportedInterfaceOrientations = UIInterfaceOrientationPortrait;
				INFOPLIST_KEY_UISupportedInterfaceOrientations_iPad = "UIInterfaceOrientationLandscapeLeft UIInterfaceOrientationLandscapeRight UIInterfaceOrientationPortrait UIInterfaceOrientationPortraitUpsideDown";
				IPHONEOS_DEPLOYMENT_TARGET = 15.1;
				LD_RUNPATH_SEARCH_PATHS = (
					"$(inherited)",
					"@executable_path/Frameworks",
				);
				MARKETING_VERSION = 1.0;
				PRODUCT_BUNDLE_IDENTIFIER = "com.github.migthyK1ngRichard.iOS-Delivery24";
				PRODUCT_NAME = "$(TARGET_NAME)";
				SWIFT_EMIT_LOC_STRINGS = YES;
				SWIFT_VERSION = 5.0;
				TARGETED_DEVICE_FAMILY = "1,2";
			};
			name = Debug;
		};
		E571DA682C1B0BD300318D58 /* Release */ = {
			isa = XCBuildConfiguration;
			buildSettings = {
				ASSETCATALOG_COMPILER_APPICON_NAME = AppIcon;
				ASSETCATALOG_COMPILER_GLOBAL_ACCENT_COLOR_NAME = AccentColor;
				CODE_SIGN_STYLE = Automatic;
				CURRENT_PROJECT_VERSION = 1;
				DEVELOPMENT_ASSET_PATHS = "\"iOS-Delivery24/Resources/Preview Content\"";
				DEVELOPMENT_TEAM = SKCX3NJ774;
				ENABLE_PREVIEWS = YES;
				GENERATE_INFOPLIST_FILE = YES;
				INFOPLIST_KEY_CFBundleDisplayName = "Доставка24";
				INFOPLIST_KEY_LSApplicationCategoryType = "public.app-category.business";
				INFOPLIST_KEY_UIApplicationSceneManifest_Generation = YES;
				INFOPLIST_KEY_UIApplicationSupportsIndirectInputEvents = YES;
				INFOPLIST_KEY_UILaunchScreen_Generation = YES;
				INFOPLIST_KEY_UILaunchStoryboardName = "Launch Screen.storyboard";
				INFOPLIST_KEY_UISupportedInterfaceOrientations = UIInterfaceOrientationPortrait;
				INFOPLIST_KEY_UISupportedInterfaceOrientations_iPad = "UIInterfaceOrientationLandscapeLeft UIInterfaceOrientationLandscapeRight UIInterfaceOrientationPortrait UIInterfaceOrientationPortraitUpsideDown";
				IPHONEOS_DEPLOYMENT_TARGET = 15.1;
				LD_RUNPATH_SEARCH_PATHS = (
					"$(inherited)",
					"@executable_path/Frameworks",
				);
				MARKETING_VERSION = 1.0;
				PRODUCT_BUNDLE_IDENTIFIER = "com.github.migthyK1ngRichard.iOS-Delivery24";
				PRODUCT_NAME = "$(TARGET_NAME)";
				SWIFT_EMIT_LOC_STRINGS = YES;
				SWIFT_VERSION = 5.0;
				TARGETED_DEVICE_FAMILY = "1,2";
			};
			name = Release;
		};
/* End XCBuildConfiguration section */

/* Begin XCConfigurationList section */
		E571DA532C1B0BD200318D58 /* Build configuration list for PBXProject "iOS-Delivery24" */ = {
			isa = XCConfigurationList;
			buildConfigurations = (
				E571DA642C1B0BD300318D58 /* Debug */,
				E571DA652C1B0BD300318D58 /* Release */,
			);
			defaultConfigurationIsVisible = 0;
			defaultConfigurationName = Release;
		};
		E571DA662C1B0BD300318D58 /* Build configuration list for PBXNativeTarget "iOS-Delivery24" */ = {
			isa = XCConfigurationList;
			buildConfigurations = (
				E571DA672C1B0BD300318D58 /* Debug */,
				E571DA682C1B0BD300318D58 /* Release */,
			);
			defaultConfigurationIsVisible = 0;
			defaultConfigurationName = Release;
		};
/* End XCConfigurationList section */

/* Begin XCRemoteSwiftPackageReference section */
		BA68182B2C29F10000F057D3 /* XCRemoteSwiftPackageReference "Kingfisher" */ = {
			isa = XCRemoteSwiftPackageReference;
			repositoryURL = "https://github.com/onevcat/Kingfisher.git";
			requirement = {
				kind = upToNextMajorVersion;
				minimumVersion = 7.12.0;
			};
		};
		E508B18F2C74F9A700106F90 /* XCRemoteSwiftPackageReference "SwiftPrettyPrint" */ = {
			isa = XCRemoteSwiftPackageReference;
			repositoryURL = "https://github.com/YusukeHosonuma/SwiftPrettyPrint.git";
			requirement = {
				kind = upToNextMajorVersion;
				minimumVersion = 1.4.0;
			};
		};
		E5C3FCB92C7B5E5A00453359 /* XCRemoteSwiftPackageReference "navigation-stack-backport" */ = {
			isa = XCRemoteSwiftPackageReference;
			repositoryURL = "https://github.com/lm/navigation-stack-backport";
			requirement = {
				kind = upToNextMajorVersion;
				minimumVersion = 1.1.0;
			};
		};
/* End XCRemoteSwiftPackageReference section */

/* Begin XCSwiftPackageProductDependency section */
		BA68182C2C29F10000F057D3 /* Kingfisher */ = {
			isa = XCSwiftPackageProductDependency;
			package = BA68182B2C29F10000F057D3 /* XCRemoteSwiftPackageReference "Kingfisher" */;
			productName = Kingfisher;
		};
		E508B1902C74F9A700106F90 /* SwiftPrettyPrint */ = {
			isa = XCSwiftPackageProductDependency;
			package = E508B18F2C74F9A700106F90 /* XCRemoteSwiftPackageReference "SwiftPrettyPrint" */;
			productName = SwiftPrettyPrint;
		};
		E5C3FCBA2C7B5E5A00453359 /* NavigationStackBackport */ = {
			isa = XCSwiftPackageProductDependency;
			package = E5C3FCB92C7B5E5A00453359 /* XCRemoteSwiftPackageReference "navigation-stack-backport" */;
			productName = NavigationStackBackport;
		};
/* End XCSwiftPackageProductDependency section */
	};
	rootObject = E571DA502C1B0BD200318D58 /* Project object */;
}
