// !$*UTF8*$!
{
	archiveVersion = 1;
	classes = {
	};
	objectVersion = 56;
	objects = {

/* Begin PBXBuildFile section */
		E51F61DC2C56DE7000855779 /* BasketVMData.swift in Sources */ = {isa = PBXBuildFile; fileRef = E51F61DB2C56DE7000855779 /* BasketVMData.swift */; };
		E571DA5C2C1B0BD200318D58 /* DeliveryApp.swift in Sources */ = {isa = PBXBuildFile; fileRef = E571DA5B2C1B0BD200318D58 /* DeliveryApp.swift */; };
		E571DA5E2C1B0BD200318D58 /* ContentView.swift in Sources */ = {isa = PBXBuildFile; fileRef = E571DA5D2C1B0BD200318D58 /* ContentView.swift */; };
		E571DA602C1B0BD300318D58 /* Assets.xcassets in Resources */ = {isa = PBXBuildFile; fileRef = E571DA5F2C1B0BD300318D58 /* Assets.xcassets */; };
		E571DA632C1B0BD300318D58 /* Preview Assets.xcassets in Resources */ = {isa = PBXBuildFile; fileRef = E571DA622C1B0BD300318D58 /* Preview Assets.xcassets */; };
		E571DA6F2C1B0C6100318D58 /* Localizable.xcstrings in Resources */ = {isa = PBXBuildFile; fileRef = E571DA6E2C1B0C6100318D58 /* Localizable.xcstrings */; };
		E571DA7D2C1B167700318D58 /* MainViewModel.swift in Sources */ = {isa = PBXBuildFile; fileRef = E571DA7C2C1B167700318D58 /* MainViewModel.swift */; };
		E571DA7F2C1B170500318D58 /* MainView.swift in Sources */ = {isa = PBXBuildFile; fileRef = E571DA7E2C1B170500318D58 /* MainView.swift */; };
		E571DA812C1B175F00318D58 /* MainSubviews.swift in Sources */ = {isa = PBXBuildFile; fileRef = E571DA802C1B175F00318D58 /* MainSubviews.swift */; };
		E571DA852C1B177700318D58 /* ViewModelable.swift in Sources */ = {isa = PBXBuildFile; fileRef = E571DA842C1B177700318D58 /* ViewModelable.swift */; };
		E571DA872C1B17BA00318D58 /* ViewModelProtocol.swift in Sources */ = {isa = PBXBuildFile; fileRef = E571DA862C1B17BA00318D58 /* ViewModelProtocol.swift */; };
		E5A30DBF2C1CC3A7005C84E2 /* String+Extenstions.swift in Sources */ = {isa = PBXBuildFile; fileRef = E5A30DBE2C1CC3A7005C84E2 /* String+Extenstions.swift */; };
		E5AE14182C3C9C41008C4426 /* BasketViewModel.swift in Sources */ = {isa = PBXBuildFile; fileRef = E5AE14172C3C9C41008C4426 /* BasketViewModel.swift */; };
		E5AE141A2C3C9CFC008C4426 /* BasketView.swift in Sources */ = {isa = PBXBuildFile; fileRef = E5AE14192C3C9CFC008C4426 /* BasketView.swift */; };
		E5AE141E2C3C9DE7008C4426 /* BasketSubviews.swift in Sources */ = {isa = PBXBuildFile; fileRef = E5AE141D2C3C9DE7008C4426 /* BasketSubviews.swift */; };
		E5AE14202C3C9EF6008C4426 /* BasketVMProduct.swift in Sources */ = {isa = PBXBuildFile; fileRef = E5AE141F2C3C9EF6008C4426 /* BasketVMProduct.swift */; };
		E5AE14222C3CA188008C4426 /* BasketVMNotification.swift in Sources */ = {isa = PBXBuildFile; fileRef = E5AE14212C3CA188008C4426 /* BasketVMNotification.swift */; };
		E5AE14242C3CA1FF008C4426 /* BasketViewModel+Mock.swift in Sources */ = {isa = PBXBuildFile; fileRef = E5AE14232C3CA1FF008C4426 /* BasketViewModel+Mock.swift */; };
		E5AE14272C3CA638008C4426 /* DLProductHCard.swift in Sources */ = {isa = PBXBuildFile; fileRef = E5AE14262C3CA638008C4426 /* DLProductHCard.swift */; };
		E5AE14292C3CA706008C4426 /* ImageKind.swift in Sources */ = {isa = PBXBuildFile; fileRef = E5AE14282C3CA706008C4426 /* ImageKind.swift */; };
		E5AE142C2C3CA80F008C4426 /* DLImageView.swift in Sources */ = {isa = PBXBuildFile; fileRef = E5AE142B2C3CA80F008C4426 /* DLImageView.swift */; };
		E5D58FA22C3CB92100C5DCD4 /* DLColor.swift in Sources */ = {isa = PBXBuildFile; fileRef = E5D58FA12C3CB92100C5DCD4 /* DLColor.swift */; };
		E5D58FA52C3CB96000C5DCD4 /* UIColor+Extensions.swift in Sources */ = {isa = PBXBuildFile; fileRef = E5D58FA42C3CB96000C5DCD4 /* UIColor+Extensions.swift */; };
		E5D58FA72C3CC06A00C5DCD4 /* DLNotification.swift in Sources */ = {isa = PBXBuildFile; fileRef = E5D58FA62C3CC06A00C5DCD4 /* DLNotification.swift */; };
		E5DF776B2C1C584300C29B8F /* MainHeaderView.swift in Sources */ = {isa = PBXBuildFile; fileRef = E5DF776A2C1C584300C29B8F /* MainHeaderView.swift */; };
		E5DF776D2C1C5BA500C29B8F /* DLSearchField.swift in Sources */ = {isa = PBXBuildFile; fileRef = E5DF776C2C1C5BA500C29B8F /* DLSearchField.swift */; };
		E5EE58D72C1B289C00CEC0E3 /* MainVM+Mock.swift in Sources */ = {isa = PBXBuildFile; fileRef = E5EE58D62C1B289C00CEC0E3 /* MainVM+Mock.swift */; };
		E5EE58D92C1B28A800CEC0E3 /* Mockable.swift in Sources */ = {isa = PBXBuildFile; fileRef = E5EE58D82C1B28A800CEC0E3 /* Mockable.swift */; };
		E5EE58DC2C1B29BD00CEC0E3 /* MainVMSection.swift in Sources */ = {isa = PBXBuildFile; fileRef = E5EE58DB2C1B29BD00CEC0E3 /* MainVMSection.swift */; };
		E5EE58DE2C1B29C900CEC0E3 /* MainVMProduct.swift in Sources */ = {isa = PBXBuildFile; fileRef = E5EE58DD2C1B29C900CEC0E3 /* MainVMProduct.swift */; };
		E5EE58E02C1B316000CEC0E3 /* Typealias.swift in Sources */ = {isa = PBXBuildFile; fileRef = E5EE58DF2C1B316000CEC0E3 /* Typealias.swift */; };
		E5EE58E42C1B333200CEC0E3 /* Text+Extenstions.swift in Sources */ = {isa = PBXBuildFile; fileRef = E5EE58E32C1B333200CEC0E3 /* Text+Extenstions.swift */; };
		E5EE58E62C1B4F4500CEC0E3 /* MainVMUIProperties.swift in Sources */ = {isa = PBXBuildFile; fileRef = E5EE58E52C1B4F4500CEC0E3 /* MainVMUIProperties.swift */; };
		E5F643642C55384F005D7581 /* DLMinimumOrderSumView.swift in Sources */ = {isa = PBXBuildFile; fileRef = E5F643632C55384F005D7581 /* DLMinimumOrderSumView.swift */; };
		E5F643662C55467E005D7581 /* View+Extensions.swift in Sources */ = {isa = PBXBuildFile; fileRef = E5F643652C55467E005D7581 /* View+Extensions.swift */; };
		E5F643682C5548D3005D7581 /* DLBasketMakeOrderButton.swift in Sources */ = {isa = PBXBuildFile; fileRef = E5F643672C5548D3005D7581 /* DLBasketMakeOrderButton.swift */; };
		E5F6436A2C554FD5005D7581 /* BasketVMUIProperties.swift in Sources */ = {isa = PBXBuildFile; fileRef = E5F643692C554FD5005D7581 /* BasketVMUIProperties.swift */; };
		E5F643712C55DA1C005D7581 /* MakeOrderView.swift in Sources */ = {isa = PBXBuildFile; fileRef = E5F643702C55DA1C005D7581 /* MakeOrderView.swift */; };
		E5F643732C55DAAE005D7581 /* MakeOrderViewModel.swift in Sources */ = {isa = PBXBuildFile; fileRef = E5F643722C55DAAE005D7581 /* MakeOrderViewModel.swift */; };
		E5F643762C55DAE4005D7581 /* MakeOrderSubview.swift in Sources */ = {isa = PBXBuildFile; fileRef = E5F643752C55DAE4005D7581 /* MakeOrderSubview.swift */; };
		E5F643792C55E151005D7581 /* MakeOrderVMUIProperies.swift in Sources */ = {isa = PBXBuildFile; fileRef = E5F643782C55E151005D7581 /* MakeOrderVMUIProperies.swift */; };
		E5F6437B2C55E4BE005D7581 /* MakeOrderVMResultData.swift in Sources */ = {isa = PBXBuildFile; fileRef = E5F6437A2C55E4BE005D7581 /* MakeOrderVMResultData.swift */; };
		E5F6437D2C55E9DB005D7581 /* DLProductsCarousel.swift in Sources */ = {isa = PBXBuildFile; fileRef = E5F6437C2C55E9DB005D7581 /* DLProductsCarousel.swift */; };
		E5F6437F2C55F103005D7581 /* ThankYouView.swift in Sources */ = {isa = PBXBuildFile; fileRef = E5F6437E2C55F103005D7581 /* ThankYouView.swift */; };
		E5F643812C55F448005D7581 /* MakeOrderViewModel+Mock.swift in Sources */ = {isa = PBXBuildFile; fileRef = E5F643802C55F448005D7581 /* MakeOrderViewModel+Mock.swift */; };
/* End PBXBuildFile section */

/* Begin PBXFileReference section */
		E51F61DB2C56DE7000855779 /* BasketVMData.swift */ = {isa = PBXFileReference; lastKnownFileType = sourcecode.swift; path = BasketVMData.swift; sourceTree = "<group>"; };
		E571DA582C1B0BD200318D58 /* iOS-Delivery24.app */ = {isa = PBXFileReference; explicitFileType = wrapper.application; includeInIndex = 0; path = "iOS-Delivery24.app"; sourceTree = BUILT_PRODUCTS_DIR; };
		E571DA5B2C1B0BD200318D58 /* DeliveryApp.swift */ = {isa = PBXFileReference; lastKnownFileType = sourcecode.swift; path = DeliveryApp.swift; sourceTree = "<group>"; };
		E571DA5D2C1B0BD200318D58 /* ContentView.swift */ = {isa = PBXFileReference; lastKnownFileType = sourcecode.swift; path = ContentView.swift; sourceTree = "<group>"; };
		E571DA5F2C1B0BD300318D58 /* Assets.xcassets */ = {isa = PBXFileReference; lastKnownFileType = folder.assetcatalog; path = Assets.xcassets; sourceTree = "<group>"; };
		E571DA622C1B0BD300318D58 /* Preview Assets.xcassets */ = {isa = PBXFileReference; lastKnownFileType = folder.assetcatalog; path = "Preview Assets.xcassets"; sourceTree = "<group>"; };
		E571DA6E2C1B0C6100318D58 /* Localizable.xcstrings */ = {isa = PBXFileReference; lastKnownFileType = text.json.xcstrings; path = Localizable.xcstrings; sourceTree = "<group>"; };
		E571DA7C2C1B167700318D58 /* MainViewModel.swift */ = {isa = PBXFileReference; lastKnownFileType = sourcecode.swift; path = MainViewModel.swift; sourceTree = "<group>"; };
		E571DA7E2C1B170500318D58 /* MainView.swift */ = {isa = PBXFileReference; lastKnownFileType = sourcecode.swift; path = MainView.swift; sourceTree = "<group>"; };
		E571DA802C1B175F00318D58 /* MainSubviews.swift */ = {isa = PBXFileReference; lastKnownFileType = sourcecode.swift; path = MainSubviews.swift; sourceTree = "<group>"; };
		E571DA842C1B177700318D58 /* ViewModelable.swift */ = {isa = PBXFileReference; lastKnownFileType = sourcecode.swift; path = ViewModelable.swift; sourceTree = "<group>"; };
		E571DA862C1B17BA00318D58 /* ViewModelProtocol.swift */ = {isa = PBXFileReference; lastKnownFileType = sourcecode.swift; path = ViewModelProtocol.swift; sourceTree = "<group>"; };
		E5A30DBE2C1CC3A7005C84E2 /* String+Extenstions.swift */ = {isa = PBXFileReference; lastKnownFileType = sourcecode.swift; path = "String+Extenstions.swift"; sourceTree = "<group>"; };
		E5AE14172C3C9C41008C4426 /* BasketViewModel.swift */ = {isa = PBXFileReference; lastKnownFileType = sourcecode.swift; path = BasketViewModel.swift; sourceTree = "<group>"; };
		E5AE14192C3C9CFC008C4426 /* BasketView.swift */ = {isa = PBXFileReference; lastKnownFileType = sourcecode.swift; path = BasketView.swift; sourceTree = "<group>"; };
		E5AE141D2C3C9DE7008C4426 /* BasketSubviews.swift */ = {isa = PBXFileReference; lastKnownFileType = sourcecode.swift; path = BasketSubviews.swift; sourceTree = "<group>"; };
		E5AE141F2C3C9EF6008C4426 /* BasketVMProduct.swift */ = {isa = PBXFileReference; lastKnownFileType = sourcecode.swift; path = BasketVMProduct.swift; sourceTree = "<group>"; };
		E5AE14212C3CA188008C4426 /* BasketVMNotification.swift */ = {isa = PBXFileReference; lastKnownFileType = sourcecode.swift; path = BasketVMNotification.swift; sourceTree = "<group>"; };
		E5AE14232C3CA1FF008C4426 /* BasketViewModel+Mock.swift */ = {isa = PBXFileReference; lastKnownFileType = sourcecode.swift; path = "BasketViewModel+Mock.swift"; sourceTree = "<group>"; };
		E5AE14262C3CA638008C4426 /* DLProductHCard.swift */ = {isa = PBXFileReference; lastKnownFileType = sourcecode.swift; path = DLProductHCard.swift; sourceTree = "<group>"; };
		E5AE14282C3CA706008C4426 /* ImageKind.swift */ = {isa = PBXFileReference; lastKnownFileType = sourcecode.swift; path = ImageKind.swift; sourceTree = "<group>"; };
		E5AE142B2C3CA80F008C4426 /* DLImageView.swift */ = {isa = PBXFileReference; lastKnownFileType = sourcecode.swift; path = DLImageView.swift; sourceTree = "<group>"; };
		E5D58FA12C3CB92100C5DCD4 /* DLColor.swift */ = {isa = PBXFileReference; lastKnownFileType = sourcecode.swift; path = DLColor.swift; sourceTree = "<group>"; };
		E5D58FA42C3CB96000C5DCD4 /* UIColor+Extensions.swift */ = {isa = PBXFileReference; lastKnownFileType = sourcecode.swift; path = "UIColor+Extensions.swift"; sourceTree = "<group>"; };
		E5D58FA62C3CC06A00C5DCD4 /* DLNotification.swift */ = {isa = PBXFileReference; lastKnownFileType = sourcecode.swift; path = DLNotification.swift; sourceTree = "<group>"; };
		E5DF776A2C1C584300C29B8F /* MainHeaderView.swift */ = {isa = PBXFileReference; lastKnownFileType = sourcecode.swift; path = MainHeaderView.swift; sourceTree = "<group>"; };
		E5DF776C2C1C5BA500C29B8F /* DLSearchField.swift */ = {isa = PBXFileReference; lastKnownFileType = sourcecode.swift; path = DLSearchField.swift; sourceTree = "<group>"; };
		E5EE58D62C1B289C00CEC0E3 /* MainVM+Mock.swift */ = {isa = PBXFileReference; lastKnownFileType = sourcecode.swift; path = "MainVM+Mock.swift"; sourceTree = "<group>"; };
		E5EE58D82C1B28A800CEC0E3 /* Mockable.swift */ = {isa = PBXFileReference; lastKnownFileType = sourcecode.swift; path = Mockable.swift; sourceTree = "<group>"; };
		E5EE58DB2C1B29BD00CEC0E3 /* MainVMSection.swift */ = {isa = PBXFileReference; lastKnownFileType = sourcecode.swift; path = MainVMSection.swift; sourceTree = "<group>"; };
		E5EE58DD2C1B29C900CEC0E3 /* MainVMProduct.swift */ = {isa = PBXFileReference; lastKnownFileType = sourcecode.swift; path = MainVMProduct.swift; sourceTree = "<group>"; };
		E5EE58DF2C1B316000CEC0E3 /* Typealias.swift */ = {isa = PBXFileReference; lastKnownFileType = sourcecode.swift; path = Typealias.swift; sourceTree = "<group>"; };
		E5EE58E32C1B333200CEC0E3 /* Text+Extenstions.swift */ = {isa = PBXFileReference; lastKnownFileType = sourcecode.swift; path = "Text+Extenstions.swift"; sourceTree = "<group>"; };
		E5EE58E52C1B4F4500CEC0E3 /* MainVMUIProperties.swift */ = {isa = PBXFileReference; lastKnownFileType = sourcecode.swift; path = MainVMUIProperties.swift; sourceTree = "<group>"; };
		E5F643632C55384F005D7581 /* DLMinimumOrderSumView.swift */ = {isa = PBXFileReference; lastKnownFileType = sourcecode.swift; path = DLMinimumOrderSumView.swift; sourceTree = "<group>"; };
		E5F643652C55467E005D7581 /* View+Extensions.swift */ = {isa = PBXFileReference; lastKnownFileType = sourcecode.swift; path = "View+Extensions.swift"; sourceTree = "<group>"; };
		E5F643672C5548D3005D7581 /* DLBasketMakeOrderButton.swift */ = {isa = PBXFileReference; lastKnownFileType = sourcecode.swift; path = DLBasketMakeOrderButton.swift; sourceTree = "<group>"; };
		E5F643692C554FD5005D7581 /* BasketVMUIProperties.swift */ = {isa = PBXFileReference; lastKnownFileType = sourcecode.swift; path = BasketVMUIProperties.swift; sourceTree = "<group>"; };
		E5F643702C55DA1C005D7581 /* MakeOrderView.swift */ = {isa = PBXFileReference; lastKnownFileType = sourcecode.swift; path = MakeOrderView.swift; sourceTree = "<group>"; };
		E5F643722C55DAAE005D7581 /* MakeOrderViewModel.swift */ = {isa = PBXFileReference; lastKnownFileType = sourcecode.swift; path = MakeOrderViewModel.swift; sourceTree = "<group>"; };
		E5F643752C55DAE4005D7581 /* MakeOrderSubview.swift */ = {isa = PBXFileReference; lastKnownFileType = sourcecode.swift; path = MakeOrderSubview.swift; sourceTree = "<group>"; };
		E5F643782C55E151005D7581 /* MakeOrderVMUIProperies.swift */ = {isa = PBXFileReference; lastKnownFileType = sourcecode.swift; path = MakeOrderVMUIProperies.swift; sourceTree = "<group>"; };
		E5F6437A2C55E4BE005D7581 /* MakeOrderVMResultData.swift */ = {isa = PBXFileReference; lastKnownFileType = sourcecode.swift; path = MakeOrderVMResultData.swift; sourceTree = "<group>"; };
		E5F6437C2C55E9DB005D7581 /* DLProductsCarousel.swift */ = {isa = PBXFileReference; lastKnownFileType = sourcecode.swift; path = DLProductsCarousel.swift; sourceTree = "<group>"; };
		E5F6437E2C55F103005D7581 /* ThankYouView.swift */ = {isa = PBXFileReference; lastKnownFileType = sourcecode.swift; path = ThankYouView.swift; sourceTree = "<group>"; };
		E5F643802C55F448005D7581 /* MakeOrderViewModel+Mock.swift */ = {isa = PBXFileReference; lastKnownFileType = sourcecode.swift; path = "MakeOrderViewModel+Mock.swift"; sourceTree = "<group>"; };
/* End PBXFileReference section */

/* Begin PBXFrameworksBuildPhase section */
		E571DA552C1B0BD200318D58 /* Frameworks */ = {
			isa = PBXFrameworksBuildPhase;
			buildActionMask = 2147483647;
			files = (
			);
			runOnlyForDeploymentPostprocessing = 0;
		};
/* End PBXFrameworksBuildPhase section */

/* Begin PBXGroup section */
		E571DA4F2C1B0BD200318D58 = {
			isa = PBXGroup;
			children = (
				E571DA5A2C1B0BD200318D58 /* iOS-Delivery24 */,
				E571DA592C1B0BD200318D58 /* Products */,
			);
			sourceTree = "<group>";
		};
		E571DA592C1B0BD200318D58 /* Products */ = {
			isa = PBXGroup;
			children = (
				E571DA582C1B0BD200318D58 /* iOS-Delivery24.app */,
			);
			name = Products;
			sourceTree = "<group>";
		};
		E571DA5A2C1B0BD200318D58 /* iOS-Delivery24 */ = {
			isa = PBXGroup;
			children = (
				E571DA692C1B0BEC00318D58 /* Application */,
				E571DA6A2C1B0BF400318D58 /* Resources */,
				E571DA6B2C1B0C0E00318D58 /* Helpers */,
				E571DA6C2C1B0C1400318D58 /* Streams */,
			);
			path = "iOS-Delivery24";
			sourceTree = "<group>";
		};
		E571DA612C1B0BD300318D58 /* Preview Content */ = {
			isa = PBXGroup;
			children = (
				E571DA622C1B0BD300318D58 /* Preview Assets.xcassets */,
			);
			path = "Preview Content";
			sourceTree = "<group>";
		};
		E571DA692C1B0BEC00318D58 /* Application */ = {
			isa = PBXGroup;
			children = (
				E571DA5B2C1B0BD200318D58 /* DeliveryApp.swift */,
				E571DA5D2C1B0BD200318D58 /* ContentView.swift */,
			);
			path = Application;
			sourceTree = "<group>";
		};
		E571DA6A2C1B0BF400318D58 /* Resources */ = {
			isa = PBXGroup;
			children = (
				E571DA5F2C1B0BD300318D58 /* Assets.xcassets */,
				E571DA612C1B0BD300318D58 /* Preview Content */,
				E571DA6E2C1B0C6100318D58 /* Localizable.xcstrings */,
			);
			path = Resources;
			sourceTree = "<group>";
		};
		E571DA6B2C1B0C0E00318D58 /* Helpers */ = {
			isa = PBXGroup;
			children = (
				E5EE58E12C1B331600CEC0E3 /* Extenstions */,
				E571DA832C1B176A00318D58 /* Protocols */,
				E5EE58DF2C1B316000CEC0E3 /* Typealias.swift */,
				E5AE14282C3CA706008C4426 /* ImageKind.swift */,
			);
			path = Helpers;
			sourceTree = "<group>";
		};
		E571DA6C2C1B0C1400318D58 /* Streams */ = {
			isa = PBXGroup;
			children = (
				E5AE14252C3CA5C2008C4426 /* DSStream */,
				E5AE14132C3C9B91008C4426 /* BasketStream */,
				E571DA6D2C1B0C2000318D58 /* MainStream */,
			);
			path = Streams;
			sourceTree = "<group>";
		};
		E571DA6D2C1B0C2000318D58 /* MainStream */ = {
			isa = PBXGroup;
			children = (
				E5F6436C2C55D97D005D7581 /* MainScreen */,
			);
			path = MainStream;
			sourceTree = "<group>";
		};
		E571DA822C1B176100318D58 /* ViewModel */ = {
			isa = PBXGroup;
			children = (
				E571DA7C2C1B167700318D58 /* MainViewModel.swift */,
				E5EE58D62C1B289C00CEC0E3 /* MainVM+Mock.swift */,
			);
			path = ViewModel;
			sourceTree = "<group>";
		};
		E571DA832C1B176A00318D58 /* Protocols */ = {
			isa = PBXGroup;
			children = (
				E571DA842C1B177700318D58 /* ViewModelable.swift */,
				E571DA862C1B17BA00318D58 /* ViewModelProtocol.swift */,
				E5EE58D82C1B28A800CEC0E3 /* Mockable.swift */,
			);
			path = Protocols;
			sourceTree = "<group>";
		};
		E571DA882C1B188B00318D58 /* View */ = {
			isa = PBXGroup;
			children = (
				E5A30DBC2C1CBFB6005C84E2 /* Subviews */,
				E571DA7E2C1B170500318D58 /* MainView.swift */,
			);
			path = View;
			sourceTree = "<group>";
		};
		E5A30DBC2C1CBFB6005C84E2 /* Subviews */ = {
			isa = PBXGroup;
			children = (
				E571DA802C1B175F00318D58 /* MainSubviews.swift */,
				E5DF776A2C1C584300C29B8F /* MainHeaderView.swift */,
				E5DF776C2C1C5BA500C29B8F /* DLSearchField.swift */,
			);
			path = Subviews;
			sourceTree = "<group>";
		};
		E5A30DBD2C1CC39C005C84E2 /* Foundation */ = {
			isa = PBXGroup;
			children = (
				E5A30DBE2C1CC3A7005C84E2 /* String+Extenstions.swift */,
			);
			path = Foundation;
			sourceTree = "<group>";
		};
		E5AE14132C3C9B91008C4426 /* BasketStream */ = {
			isa = PBXGroup;
			children = (
				E5F6436D2C55D9FA005D7581 /* MakeOrderScreen */,
				E5F6436B2C55D966005D7581 /* BasketScreen */,
			);
			path = BasketStream;
			sourceTree = "<group>";
		};
		E5AE14142C3C9C20008C4426 /* Model */ = {
			isa = PBXGroup;
			children = (
				E5AE141F2C3C9EF6008C4426 /* BasketVMProduct.swift */,
				E5AE14212C3CA188008C4426 /* BasketVMNotification.swift */,
				E5F643692C554FD5005D7581 /* BasketVMUIProperties.swift */,
				E51F61DB2C56DE7000855779 /* BasketVMData.swift */,
			);
			path = Model;
			sourceTree = "<group>";
		};
		E5AE14152C3C9C23008C4426 /* View */ = {
			isa = PBXGroup;
			children = (
				E5AE141C2C3C9DB3008C4426 /* Subviews */,
				E5AE14192C3C9CFC008C4426 /* BasketView.swift */,
			);
			path = View;
			sourceTree = "<group>";
		};
		E5AE14162C3C9C26008C4426 /* ViewModel */ = {
			isa = PBXGroup;
			children = (
				E5AE14172C3C9C41008C4426 /* BasketViewModel.swift */,
				E5AE14232C3CA1FF008C4426 /* BasketViewModel+Mock.swift */,
			);
			path = ViewModel;
			sourceTree = "<group>";
		};
		E5AE141C2C3C9DB3008C4426 /* Subviews */ = {
			isa = PBXGroup;
			children = (
				E5AE141D2C3C9DE7008C4426 /* BasketSubviews.swift */,
			);
			path = Subviews;
			sourceTree = "<group>";
		};
		E5AE14252C3CA5C2008C4426 /* DSStream */ = {
			isa = PBXGroup;
			children = (
				E5AE142D2C3CB87F008C4426 /* Components */,
				E5D58FA12C3CB92100C5DCD4 /* DLColor.swift */,
			);
			path = DSStream;
			sourceTree = "<group>";
		};
		E5AE142D2C3CB87F008C4426 /* Components */ = {
			isa = PBXGroup;
			children = (
				E5AE14262C3CA638008C4426 /* DLProductHCard.swift */,
				E5AE142B2C3CA80F008C4426 /* DLImageView.swift */,
				E5D58FA62C3CC06A00C5DCD4 /* DLNotification.swift */,
				E5F643632C55384F005D7581 /* DLMinimumOrderSumView.swift */,
				E5F643672C5548D3005D7581 /* DLBasketMakeOrderButton.swift */,
				E5F6437C2C55E9DB005D7581 /* DLProductsCarousel.swift */,
			);
			path = Components;
			sourceTree = "<group>";
		};
		E5D58FA32C3CB95700C5DCD4 /* UIKit */ = {
			isa = PBXGroup;
			children = (
				E5D58FA42C3CB96000C5DCD4 /* UIColor+Extensions.swift */,
			);
			path = UIKit;
			sourceTree = "<group>";
		};
		E5EE58DA2C1B29A700CEC0E3 /* Model */ = {
			isa = PBXGroup;
			children = (
				E5EE58DB2C1B29BD00CEC0E3 /* MainVMSection.swift */,
				E5EE58DD2C1B29C900CEC0E3 /* MainVMProduct.swift */,
				E5EE58E52C1B4F4500CEC0E3 /* MainVMUIProperties.swift */,
			);
			path = Model;
			sourceTree = "<group>";
		};
		E5EE58E12C1B331600CEC0E3 /* Extenstions */ = {
			isa = PBXGroup;
			children = (
				E5D58FA32C3CB95700C5DCD4 /* UIKit */,
				E5A30DBD2C1CC39C005C84E2 /* Foundation */,
				E5EE58E22C1B332400CEC0E3 /* SwiftUI */,
			);
			path = Extenstions;
			sourceTree = "<group>";
		};
		E5EE58E22C1B332400CEC0E3 /* SwiftUI */ = {
			isa = PBXGroup;
			children = (
				E5EE58E32C1B333200CEC0E3 /* Text+Extenstions.swift */,
				E5F643652C55467E005D7581 /* View+Extensions.swift */,
			);
			path = SwiftUI;
			sourceTree = "<group>";
		};
		E5F6436B2C55D966005D7581 /* BasketScreen */ = {
			isa = PBXGroup;
			children = (
				E5AE14142C3C9C20008C4426 /* Model */,
				E5AE14162C3C9C26008C4426 /* ViewModel */,
				E5AE14152C3C9C23008C4426 /* View */,
			);
			path = BasketScreen;
			sourceTree = "<group>";
		};
		E5F6436C2C55D97D005D7581 /* MainScreen */ = {
			isa = PBXGroup;
			children = (
				E5EE58DA2C1B29A700CEC0E3 /* Model */,
				E571DA822C1B176100318D58 /* ViewModel */,
				E571DA882C1B188B00318D58 /* View */,
			);
			path = MainScreen;
			sourceTree = "<group>";
		};
		E5F6436D2C55D9FA005D7581 /* MakeOrderScreen */ = {
			isa = PBXGroup;
			children = (
				E5F643772C55E144005D7581 /* Model */,
				E5F6436F2C55DA08005D7581 /* ViewModel */,
				E5F6436E2C55DA05005D7581 /* View */,
			);
			path = MakeOrderScreen;
			sourceTree = "<group>";
		};
		E5F6436E2C55DA05005D7581 /* View */ = {
			isa = PBXGroup;
			children = (
				E5F643742C55DAD5005D7581 /* Subviews */,
				E5F643702C55DA1C005D7581 /* MakeOrderView.swift */,
			);
			path = View;
			sourceTree = "<group>";
		};
		E5F6436F2C55DA08005D7581 /* ViewModel */ = {
			isa = PBXGroup;
			children = (
				E5F643722C55DAAE005D7581 /* MakeOrderViewModel.swift */,
				E5F643802C55F448005D7581 /* MakeOrderViewModel+Mock.swift */,
			);
			path = ViewModel;
			sourceTree = "<group>";
		};
		E5F643742C55DAD5005D7581 /* Subviews */ = {
			isa = PBXGroup;
			children = (
				E5F643752C55DAE4005D7581 /* MakeOrderSubview.swift */,
				E5F6437E2C55F103005D7581 /* ThankYouView.swift */,
			);
			path = Subviews;
			sourceTree = "<group>";
		};
		E5F643772C55E144005D7581 /* Model */ = {
			isa = PBXGroup;
			children = (
				E5F643782C55E151005D7581 /* MakeOrderVMUIProperies.swift */,
				E5F6437A2C55E4BE005D7581 /* MakeOrderVMResultData.swift */,
			);
			path = Model;
			sourceTree = "<group>";
		};
/* End PBXGroup section */

/* Begin PBXNativeTarget section */
		E571DA572C1B0BD200318D58 /* iOS-Delivery24 */ = {
			isa = PBXNativeTarget;
			buildConfigurationList = E571DA662C1B0BD300318D58 /* Build configuration list for PBXNativeTarget "iOS-Delivery24" */;
			buildPhases = (
				E571DA542C1B0BD200318D58 /* Sources */,
				E571DA552C1B0BD200318D58 /* Frameworks */,
				E571DA562C1B0BD200318D58 /* Resources */,
			);
			buildRules = (
			);
			dependencies = (
			);
			name = "iOS-Delivery24";
			productName = "iOS-Delivery24";
			productReference = E571DA582C1B0BD200318D58 /* iOS-Delivery24.app */;
			productType = "com.apple.product-type.application";
		};
/* End PBXNativeTarget section */

/* Begin PBXProject section */
		E571DA502C1B0BD200318D58 /* Project object */ = {
			isa = PBXProject;
			attributes = {
				BuildIndependentTargetsInParallel = 1;
				LastSwiftUpdateCheck = 1540;
				LastUpgradeCheck = 1540;
				TargetAttributes = {
					E571DA572C1B0BD200318D58 = {
						CreatedOnToolsVersion = 15.4;
					};
				};
			};
			buildConfigurationList = E571DA532C1B0BD200318D58 /* Build configuration list for PBXProject "iOS-Delivery24" */;
			compatibilityVersion = "Xcode 14.0";
			developmentRegion = en;
			hasScannedForEncodings = 0;
			knownRegions = (
				en,
				Base,
				ru,
			);
			mainGroup = E571DA4F2C1B0BD200318D58;
			productRefGroup = E571DA592C1B0BD200318D58 /* Products */;
			projectDirPath = "";
			projectRoot = "";
			targets = (
				E571DA572C1B0BD200318D58 /* iOS-Delivery24 */,
			);
		};
/* End PBXProject section */

/* Begin PBXResourcesBuildPhase section */
		E571DA562C1B0BD200318D58 /* Resources */ = {
			isa = PBXResourcesBuildPhase;
			buildActionMask = 2147483647;
			files = (
				E571DA632C1B0BD300318D58 /* Preview Assets.xcassets in Resources */,
				E571DA602C1B0BD300318D58 /* Assets.xcassets in Resources */,
				E571DA6F2C1B0C6100318D58 /* Localizable.xcstrings in Resources */,
			);
			runOnlyForDeploymentPostprocessing = 0;
		};
/* End PBXResourcesBuildPhase section */

/* Begin PBXSourcesBuildPhase section */
		E571DA542C1B0BD200318D58 /* Sources */ = {
			isa = PBXSourcesBuildPhase;
			buildActionMask = 2147483647;
			files = (
				E5AE141A2C3C9CFC008C4426 /* BasketView.swift in Sources */,
				E5F643662C55467E005D7581 /* View+Extensions.swift in Sources */,
				E571DA852C1B177700318D58 /* ViewModelable.swift in Sources */,
				E5F643642C55384F005D7581 /* DLMinimumOrderSumView.swift in Sources */,
				E5F643812C55F448005D7581 /* MakeOrderViewModel+Mock.swift in Sources */,
				E5F6437B2C55E4BE005D7581 /* MakeOrderVMResultData.swift in Sources */,
				E5AE14272C3CA638008C4426 /* DLProductHCard.swift in Sources */,
				E5EE58D72C1B289C00CEC0E3 /* MainVM+Mock.swift in Sources */,
				E571DA5E2C1B0BD200318D58 /* ContentView.swift in Sources */,
				E5AE14202C3C9EF6008C4426 /* BasketVMProduct.swift in Sources */,
				E571DA7F2C1B170500318D58 /* MainView.swift in Sources */,
				E5AE14182C3C9C41008C4426 /* BasketViewModel.swift in Sources */,
				E5EE58E62C1B4F4500CEC0E3 /* MainVMUIProperties.swift in Sources */,
				E5F643732C55DAAE005D7581 /* MakeOrderViewModel.swift in Sources */,
				E5F643762C55DAE4005D7581 /* MakeOrderSubview.swift in Sources */,
				E5AE14242C3CA1FF008C4426 /* BasketViewModel+Mock.swift in Sources */,
				E51F61DC2C56DE7000855779 /* BasketVMData.swift in Sources */,
				E571DA5C2C1B0BD200318D58 /* DeliveryApp.swift in Sources */,
				E5D58FA52C3CB96000C5DCD4 /* UIColor+Extensions.swift in Sources */,
				E571DA872C1B17BA00318D58 /* ViewModelProtocol.swift in Sources */,
				E5AE142C2C3CA80F008C4426 /* DLImageView.swift in Sources */,
				E5F6437F2C55F103005D7581 /* ThankYouView.swift in Sources */,
				E5F6437D2C55E9DB005D7581 /* DLProductsCarousel.swift in Sources */,
				E571DA812C1B175F00318D58 /* MainSubviews.swift in Sources */,
				E5AE14222C3CA188008C4426 /* BasketVMNotification.swift in Sources */,
				E5DF776D2C1C5BA500C29B8F /* DLSearchField.swift in Sources */,
				E5D58FA22C3CB92100C5DCD4 /* DLColor.swift in Sources */,
				E5EE58D92C1B28A800CEC0E3 /* Mockable.swift in Sources */,
				E5D58FA72C3CC06A00C5DCD4 /* DLNotification.swift in Sources */,
				E5EE58DE2C1B29C900CEC0E3 /* MainVMProduct.swift in Sources */,
				E5F643712C55DA1C005D7581 /* MakeOrderView.swift in Sources */,
				E5F6436A2C554FD5005D7581 /* BasketVMUIProperties.swift in Sources */,
				E5A30DBF2C1CC3A7005C84E2 /* String+Extenstions.swift in Sources */,
				E5F643682C5548D3005D7581 /* DLBasketMakeOrderButton.swift in Sources */,
				E5DF776B2C1C584300C29B8F /* MainHeaderView.swift in Sources */,
				E571DA7D2C1B167700318D58 /* MainViewModel.swift in Sources */,
				E5EE58E02C1B316000CEC0E3 /* Typealias.swift in Sources */,
				E5AE141E2C3C9DE7008C4426 /* BasketSubviews.swift in Sources */,
				E5F643792C55E151005D7581 /* MakeOrderVMUIProperies.swift in Sources */,
				E5AE14292C3CA706008C4426 /* ImageKind.swift in Sources */,
				E5EE58DC2C1B29BD00CEC0E3 /* MainVMSection.swift in Sources */,
				E5EE58E42C1B333200CEC0E3 /* Text+Extenstions.swift in Sources */,
			);
			runOnlyForDeploymentPostprocessing = 0;
		};
/* End PBXSourcesBuildPhase section */

/* Begin XCBuildConfiguration section */
		E571DA642C1B0BD300318D58 /* Debug */ = {
			isa = XCBuildConfiguration;
			buildSettings = {
				ALWAYS_SEARCH_USER_PATHS = NO;
				ASSETCATALOG_COMPILER_GENERATE_SWIFT_ASSET_SYMBOL_EXTENSIONS = YES;
				CLANG_ANALYZER_NONNULL = YES;
				CLANG_ANALYZER_NUMBER_OBJECT_CONVERSION = YES_AGGRESSIVE;
				CLANG_CXX_LANGUAGE_STANDARD = "gnu++20";
				CLANG_ENABLE_MODULES = YES;
				CLANG_ENABLE_OBJC_ARC = YES;
				CLANG_ENABLE_OBJC_WEAK = YES;
				CLANG_WARN_BLOCK_CAPTURE_AUTORELEASING = YES;
				CLANG_WARN_BOOL_CONVERSION = YES;
				CLANG_WARN_COMMA = YES;
				CLANG_WARN_CONSTANT_CONVERSION = YES;
				CLANG_WARN_DEPRECATED_OBJC_IMPLEMENTATIONS = YES;
				CLANG_WARN_DIRECT_OBJC_ISA_USAGE = YES_ERROR;
				CLANG_WARN_DOCUMENTATION_COMMENTS = YES;
				CLANG_WARN_EMPTY_BODY = YES;
				CLANG_WARN_ENUM_CONVERSION = YES;
				CLANG_WARN_INFINITE_RECURSION = YES;
				CLANG_WARN_INT_CONVERSION = YES;
				CLANG_WARN_NON_LITERAL_NULL_CONVERSION = YES;
				CLANG_WARN_OBJC_IMPLICIT_RETAIN_SELF = YES;
				CLANG_WARN_OBJC_LITERAL_CONVERSION = YES;
				CLANG_WARN_OBJC_ROOT_CLASS = YES_ERROR;
				CLANG_WARN_QUOTED_INCLUDE_IN_FRAMEWORK_HEADER = YES;
				CLANG_WARN_RANGE_LOOP_ANALYSIS = YES;
				CLANG_WARN_STRICT_PROTOTYPES = YES;
				CLANG_WARN_SUSPICIOUS_MOVE = YES;
				CLANG_WARN_UNGUARDED_AVAILABILITY = YES_AGGRESSIVE;
				CLANG_WARN_UNREACHABLE_CODE = YES;
				CLANG_WARN__DUPLICATE_METHOD_MATCH = YES;
				COPY_PHASE_STRIP = NO;
				DEBUG_INFORMATION_FORMAT = dwarf;
				ENABLE_STRICT_OBJC_MSGSEND = YES;
				ENABLE_TESTABILITY = YES;
				ENABLE_USER_SCRIPT_SANDBOXING = YES;
				GCC_C_LANGUAGE_STANDARD = gnu17;
				GCC_DYNAMIC_NO_PIC = NO;
				GCC_NO_COMMON_BLOCKS = YES;
				GCC_OPTIMIZATION_LEVEL = 0;
				GCC_PREPROCESSOR_DEFINITIONS = (
					"DEBUG=1",
					"$(inherited)",
				);
				GCC_WARN_64_TO_32_BIT_CONVERSION = YES;
				GCC_WARN_ABOUT_RETURN_TYPE = YES_ERROR;
				GCC_WARN_UNDECLARED_SELECTOR = YES;
				GCC_WARN_UNINITIALIZED_AUTOS = YES_AGGRESSIVE;
				GCC_WARN_UNUSED_FUNCTION = YES;
				GCC_WARN_UNUSED_VARIABLE = YES;
				IPHONEOS_DEPLOYMENT_TARGET = 17.5;
				LOCALIZATION_PREFERS_STRING_CATALOGS = YES;
				MTL_ENABLE_DEBUG_INFO = INCLUDE_SOURCE;
				MTL_FAST_MATH = YES;
				ONLY_ACTIVE_ARCH = YES;
				SDKROOT = iphoneos;
				SWIFT_ACTIVE_COMPILATION_CONDITIONS = "DEBUG $(inherited)";
				SWIFT_OPTIMIZATION_LEVEL = "-Onone";
			};
			name = Debug;
		};
		E571DA652C1B0BD300318D58 /* Release */ = {
			isa = XCBuildConfiguration;
			buildSettings = {
				ALWAYS_SEARCH_USER_PATHS = NO;
				ASSETCATALOG_COMPILER_GENERATE_SWIFT_ASSET_SYMBOL_EXTENSIONS = YES;
				CLANG_ANALYZER_NONNULL = YES;
				CLANG_ANALYZER_NUMBER_OBJECT_CONVERSION = YES_AGGRESSIVE;
				CLANG_CXX_LANGUAGE_STANDARD = "gnu++20";
				CLANG_ENABLE_MODULES = YES;
				CLANG_ENABLE_OBJC_ARC = YES;
				CLANG_ENABLE_OBJC_WEAK = YES;
				CLANG_WARN_BLOCK_CAPTURE_AUTORELEASING = YES;
				CLANG_WARN_BOOL_CONVERSION = YES;
				CLANG_WARN_COMMA = YES;
				CLANG_WARN_CONSTANT_CONVERSION = YES;
				CLANG_WARN_DEPRECATED_OBJC_IMPLEMENTATIONS = YES;
				CLANG_WARN_DIRECT_OBJC_ISA_USAGE = YES_ERROR;
				CLANG_WARN_DOCUMENTATION_COMMENTS = YES;
				CLANG_WARN_EMPTY_BODY = YES;
				CLANG_WARN_ENUM_CONVERSION = YES;
				CLANG_WARN_INFINITE_RECURSION = YES;
				CLANG_WARN_INT_CONVERSION = YES;
				CLANG_WARN_NON_LITERAL_NULL_CONVERSION = YES;
				CLANG_WARN_OBJC_IMPLICIT_RETAIN_SELF = YES;
				CLANG_WARN_OBJC_LITERAL_CONVERSION = YES;
				CLANG_WARN_OBJC_ROOT_CLASS = YES_ERROR;
				CLANG_WARN_QUOTED_INCLUDE_IN_FRAMEWORK_HEADER = YES;
				CLANG_WARN_RANGE_LOOP_ANALYSIS = YES;
				CLANG_WARN_STRICT_PROTOTYPES = YES;
				CLANG_WARN_SUSPICIOUS_MOVE = YES;
				CLANG_WARN_UNGUARDED_AVAILABILITY = YES_AGGRESSIVE;
				CLANG_WARN_UNREACHABLE_CODE = YES;
				CLANG_WARN__DUPLICATE_METHOD_MATCH = YES;
				COPY_PHASE_STRIP = NO;
				DEBUG_INFORMATION_FORMAT = "dwarf-with-dsym";
				ENABLE_NS_ASSERTIONS = NO;
				ENABLE_STRICT_OBJC_MSGSEND = YES;
				ENABLE_USER_SCRIPT_SANDBOXING = YES;
				GCC_C_LANGUAGE_STANDARD = gnu17;
				GCC_NO_COMMON_BLOCKS = YES;
				GCC_WARN_64_TO_32_BIT_CONVERSION = YES;
				GCC_WARN_ABOUT_RETURN_TYPE = YES_ERROR;
				GCC_WARN_UNDECLARED_SELECTOR = YES;
				GCC_WARN_UNINITIALIZED_AUTOS = YES_AGGRESSIVE;
				GCC_WARN_UNUSED_FUNCTION = YES;
				GCC_WARN_UNUSED_VARIABLE = YES;
				IPHONEOS_DEPLOYMENT_TARGET = 17.5;
				LOCALIZATION_PREFERS_STRING_CATALOGS = YES;
				MTL_ENABLE_DEBUG_INFO = NO;
				MTL_FAST_MATH = YES;
				SDKROOT = iphoneos;
				SWIFT_COMPILATION_MODE = wholemodule;
				VALIDATE_PRODUCT = YES;
			};
			name = Release;
		};
		E571DA672C1B0BD300318D58 /* Debug */ = {
			isa = XCBuildConfiguration;
			buildSettings = {
				ASSETCATALOG_COMPILER_APPICON_NAME = AppIcon;
				ASSETCATALOG_COMPILER_GLOBAL_ACCENT_COLOR_NAME = AccentColor;
				CODE_SIGN_STYLE = Automatic;
				CURRENT_PROJECT_VERSION = 1;
				DEVELOPMENT_ASSET_PATHS = "\"iOS-Delivery24/Resources/Preview Content\"";
				DEVELOPMENT_TEAM = SKCX3NJ774;
				ENABLE_PREVIEWS = YES;
				GENERATE_INFOPLIST_FILE = YES;
				INFOPLIST_KEY_CFBundleDisplayName = Delivery24;
				INFOPLIST_KEY_LSApplicationCategoryType = "public.app-category.business";
				INFOPLIST_KEY_UIApplicationSceneManifest_Generation = YES;
				INFOPLIST_KEY_UIApplicationSupportsIndirectInputEvents = YES;
				INFOPLIST_KEY_UILaunchScreen_Generation = YES;
				INFOPLIST_KEY_UISupportedInterfaceOrientations = UIInterfaceOrientationPortrait;
				INFOPLIST_KEY_UISupportedInterfaceOrientations_iPad = "UIInterfaceOrientationLandscapeLeft UIInterfaceOrientationLandscapeRight UIInterfaceOrientationPortrait UIInterfaceOrientationPortraitUpsideDown";
				IPHONEOS_DEPLOYMENT_TARGET = 15.1;
				LD_RUNPATH_SEARCH_PATHS = (
					"$(inherited)",
					"@executable_path/Frameworks",
				);
				MARKETING_VERSION = 1.0;
				PRODUCT_BUNDLE_IDENTIFIER = "com.github.migthyK1ngRichard.iOS-Delivery24";
				PRODUCT_NAME = "$(TARGET_NAME)";
				SWIFT_EMIT_LOC_STRINGS = YES;
				SWIFT_VERSION = 5.0;
				TARGETED_DEVICE_FAMILY = "1,2";
			};
			name = Debug;
		};
		E571DA682C1B0BD300318D58 /* Release */ = {
			isa = XCBuildConfiguration;
			buildSettings = {
				ASSETCATALOG_COMPILER_APPICON_NAME = AppIcon;
				ASSETCATALOG_COMPILER_GLOBAL_ACCENT_COLOR_NAME = AccentColor;
				CODE_SIGN_STYLE = Automatic;
				CURRENT_PROJECT_VERSION = 1;
				DEVELOPMENT_ASSET_PATHS = "\"iOS-Delivery24/Resources/Preview Content\"";
				DEVELOPMENT_TEAM = SKCX3NJ774;
				ENABLE_PREVIEWS = YES;
				GENERATE_INFOPLIST_FILE = YES;
				INFOPLIST_KEY_CFBundleDisplayName = Delivery24;
				INFOPLIST_KEY_LSApplicationCategoryType = "public.app-category.business";
				INFOPLIST_KEY_UIApplicationSceneManifest_Generation = YES;
				INFOPLIST_KEY_UIApplicationSupportsIndirectInputEvents = YES;
				INFOPLIST_KEY_UILaunchScreen_Generation = YES;
				INFOPLIST_KEY_UISupportedInterfaceOrientations = UIInterfaceOrientationPortrait;
				INFOPLIST_KEY_UISupportedInterfaceOrientations_iPad = "UIInterfaceOrientationLandscapeLeft UIInterfaceOrientationLandscapeRight UIInterfaceOrientationPortrait UIInterfaceOrientationPortraitUpsideDown";
				IPHONEOS_DEPLOYMENT_TARGET = 15.1;
				LD_RUNPATH_SEARCH_PATHS = (
					"$(inherited)",
					"@executable_path/Frameworks",
				);
				MARKETING_VERSION = 1.0;
				PRODUCT_BUNDLE_IDENTIFIER = "com.github.migthyK1ngRichard.iOS-Delivery24";
				PRODUCT_NAME = "$(TARGET_NAME)";
				SWIFT_EMIT_LOC_STRINGS = YES;
				SWIFT_VERSION = 5.0;
				TARGETED_DEVICE_FAMILY = "1,2";
			};
			name = Release;
		};
/* End XCBuildConfiguration section */

/* Begin XCConfigurationList section */
		E571DA532C1B0BD200318D58 /* Build configuration list for PBXProject "iOS-Delivery24" */ = {
			isa = XCConfigurationList;
			buildConfigurations = (
				E571DA642C1B0BD300318D58 /* Debug */,
				E571DA652C1B0BD300318D58 /* Release */,
			);
			defaultConfigurationIsVisible = 0;
			defaultConfigurationName = Release;
		};
		E571DA662C1B0BD300318D58 /* Build configuration list for PBXNativeTarget "iOS-Delivery24" */ = {
			isa = XCConfigurationList;
			buildConfigurations = (
				E571DA672C1B0BD300318D58 /* Debug */,
				E571DA682C1B0BD300318D58 /* Release */,
			);
			defaultConfigurationIsVisible = 0;
			defaultConfigurationName = Release;
		};
/* End XCConfigurationList section */
	};
	rootObject = E571DA502C1B0BD200318D58 /* Project object */;
}
